// !$*UTF8*$!
{
	archiveVersion = 1;
	classes = {
	};
	objectVersion = 55;
	objects = {

/* Begin PBXBuildFile section */
		56BC395A9ADB51E880D921C7 /* Pods_KarrotMarketCloneCoding.framework in Frameworks */ = {isa = PBXBuildFile; fileRef = 84FFF65EC2D21DA804E8D34F /* Pods_KarrotMarketCloneCoding.framework */; };
		723FE608287D4EDA00A987E7 /* User.swift in Sources */ = {isa = PBXBuildFile; fileRef = 723FE607287D4EDA00A987E7 /* User.swift */; };
		723FE60A287D4EEF00A987E7 /* Merchandise.swift in Sources */ = {isa = PBXBuildFile; fileRef = 723FE609287D4EEF00A987E7 /* Merchandise.swift */; };
		723FE610287D649400A987E7 /* Constraints.swift in Sources */ = {isa = PBXBuildFile; fileRef = 723FE60F287D649400A987E7 /* Constraints.swift */; };
		723FE613287D837500A987E7 /* ViewController.swift in Sources */ = {isa = PBXBuildFile; fileRef = 723FE612287D837500A987E7 /* ViewController.swift */; };
		723FE619287D852C00A987E7 /* MyKarrotTableHeaderViewModel.swift in Sources */ = {isa = PBXBuildFile; fileRef = 723FE618287D852C00A987E7 /* MyKarrotTableHeaderViewModel.swift */; };
		723FE61F287DACA100A987E7 /* MyKarrotTableViewCell.swift in Sources */ = {isa = PBXBuildFile; fileRef = 723FE61E287DACA100A987E7 /* MyKarrotTableViewCell.swift */; };
		723FE62728801F1600A987E7 /* MyKarrotHeaderView.swift in Sources */ = {isa = PBXBuildFile; fileRef = 723FE62628801F1600A987E7 /* MyKarrotHeaderView.swift */; };
		723FE629288044AB00A987E7 /* MyKarrotTableViewHeaderFooterView.swift in Sources */ = {isa = PBXBuildFile; fileRef = 723FE628288044AB00A987E7 /* MyKarrotTableViewHeaderFooterView.swift */; };
		723FE62B2880F64C00A987E7 /* MyKarrotTableViewController.swift in Sources */ = {isa = PBXBuildFile; fileRef = 723FE62A2880F64C00A987E7 /* MyKarrotTableViewController.swift */; };
		723FE67B288531F300A987E7 /* ReusableProfileView.swift in Sources */ = {isa = PBXBuildFile; fileRef = 723FE67A288531F300A987E7 /* ReusableProfileView.swift */; };
		723FE67D2885385000A987E7 /* MerchandiseDetailViewProfileCell.swift in Sources */ = {isa = PBXBuildFile; fileRef = 723FE67C2885385000A987E7 /* MerchandiseDetailViewProfileCell.swift */; };
		723FE681288539A900A987E7 /* MerchandiseDetailViewOtherPostsCell.swift in Sources */ = {isa = PBXBuildFile; fileRef = 723FE680288539A900A987E7 /* MerchandiseDetailViewOtherPostsCell.swift */; };
		723FE683288539F200A987E7 /* MerchandiseDetailViewDescriptionCell.swift in Sources */ = {isa = PBXBuildFile; fileRef = 723FE682288539F200A987E7 /* MerchandiseDetailViewDescriptionCell.swift */; };
		723FE68828853E0800A987E7 /* MerchandiseDetailViewController.swift in Sources */ = {isa = PBXBuildFile; fileRef = 723FE68728853E0800A987E7 /* MerchandiseDetailViewController.swift */; };
		723FE68A2887A3FA00A987E7 /* Network.swift in Sources */ = {isa = PBXBuildFile; fileRef = 723FE6892887A3FA00A987E7 /* Network.swift */; };
		723FE68C2887B3EF00A987E7 /* MerchandiseDetailTableHeaderView.swift in Sources */ = {isa = PBXBuildFile; fileRef = 723FE68B2887B3EF00A987E7 /* MerchandiseDetailTableHeaderView.swift */; };
		723FE6902887E4AE00A987E7 /* MerchandiseDetailViewImageCell.swift in Sources */ = {isa = PBXBuildFile; fileRef = 723FE68F2887E4AE00A987E7 /* MerchandiseDetailViewImageCell.swift */; };
		723FE692288806CB00A987E7 /* OtherPostsCollectionViewCell.swift in Sources */ = {isa = PBXBuildFile; fileRef = 723FE691288806CA00A987E7 /* OtherPostsCollectionViewCell.swift */; };
		723FE6942888488600A987E7 /* MerchandiseDetailViewBottomStickyView.swift in Sources */ = {isa = PBXBuildFile; fileRef = 723FE6932888488600A987E7 /* MerchandiseDetailViewBottomStickyView.swift */; };
		723FE6962889085400A987E7 /* SearchViewController.swift in Sources */ = {isa = PBXBuildFile; fileRef = 723FE6952889085400A987E7 /* SearchViewController.swift */; };
		723FE6982889091D00A987E7 /* TabbarController.swift in Sources */ = {isa = PBXBuildFile; fileRef = 723FE6972889091D00A987E7 /* TabbarController.swift */; };
		723FE69A2889341000A987E7 /* HomeViewController.swift in Sources */ = {isa = PBXBuildFile; fileRef = 723FE6992889341000A987E7 /* HomeViewController.swift */; };
		723FE69E2889484700A987E7 /* Copyright.swift in Sources */ = {isa = PBXBuildFile; fileRef = 723FE69D2889484700A987E7 /* Copyright.swift */; };
		723FE6A02889523800A987E7 /* SearchBarBottomView.swift in Sources */ = {isa = PBXBuildFile; fileRef = 723FE69F2889523800A987E7 /* SearchBarBottomView.swift */; };
		723FE6A2288AC87C00A987E7 /* MerchandiseTableViewCell.swift in Sources */ = {isa = PBXBuildFile; fileRef = 723FE6A1288AC87C00A987E7 /* MerchandiseTableViewCell.swift */; };
		7248CA43288D8FB500DDF939 /* ChatViewController.swift in Sources */ = {isa = PBXBuildFile; fileRef = 7248CA42288D8FB500DDF939 /* ChatViewController.swift */; };
		D3E122F9287BF66000A1EDC8 /* AppDelegate.swift in Sources */ = {isa = PBXBuildFile; fileRef = D3E122F8287BF66000A1EDC8 /* AppDelegate.swift */; };
		D3E122FB287BF66000A1EDC8 /* SceneDelegate.swift in Sources */ = {isa = PBXBuildFile; fileRef = D3E122FA287BF66000A1EDC8 /* SceneDelegate.swift */; };
		D3E12300287BF66000A1EDC8 /* Main.storyboard in Resources */ = {isa = PBXBuildFile; fileRef = D3E122FE287BF66000A1EDC8 /* Main.storyboard */; };
		D3E12302287BF66100A1EDC8 /* Assets.xcassets in Resources */ = {isa = PBXBuildFile; fileRef = D3E12301287BF66100A1EDC8 /* Assets.xcassets */; };
		D3E12305287BF66100A1EDC8 /* LaunchScreen.storyboard in Resources */ = {isa = PBXBuildFile; fileRef = D3E12303287BF66100A1EDC8 /* LaunchScreen.storyboard */; };
/* End PBXBuildFile section */

/* Begin PBXFileReference section */
		5B703E666055678C1B3B0DB9 /* Pods-KarrotMarketCloneCoding.release.xcconfig */ = {isa = PBXFileReference; includeInIndex = 1; lastKnownFileType = text.xcconfig; name = "Pods-KarrotMarketCloneCoding.release.xcconfig"; path = "Target Support Files/Pods-KarrotMarketCloneCoding/Pods-KarrotMarketCloneCoding.release.xcconfig"; sourceTree = "<group>"; };
		723FE607287D4EDA00A987E7 /* User.swift */ = {isa = PBXFileReference; lastKnownFileType = sourcecode.swift; path = User.swift; sourceTree = "<group>"; };
		723FE609287D4EEF00A987E7 /* Merchandise.swift */ = {isa = PBXFileReference; lastKnownFileType = sourcecode.swift; path = Merchandise.swift; sourceTree = "<group>"; };
		723FE60F287D649400A987E7 /* Constraints.swift */ = {isa = PBXFileReference; fileEncoding = 4; lastKnownFileType = sourcecode.swift; path = Constraints.swift; sourceTree = "<group>"; };
		723FE612287D837500A987E7 /* ViewController.swift */ = {isa = PBXFileReference; lastKnownFileType = sourcecode.swift; path = ViewController.swift; sourceTree = "<group>"; };
		723FE618287D852C00A987E7 /* MyKarrotTableHeaderViewModel.swift */ = {isa = PBXFileReference; lastKnownFileType = sourcecode.swift; path = MyKarrotTableHeaderViewModel.swift; sourceTree = "<group>"; };
		723FE61E287DACA100A987E7 /* MyKarrotTableViewCell.swift */ = {isa = PBXFileReference; lastKnownFileType = sourcecode.swift; path = MyKarrotTableViewCell.swift; sourceTree = "<group>"; };
		723FE62628801F1600A987E7 /* MyKarrotHeaderView.swift */ = {isa = PBXFileReference; lastKnownFileType = sourcecode.swift; path = MyKarrotHeaderView.swift; sourceTree = "<group>"; };
		723FE628288044AB00A987E7 /* MyKarrotTableViewHeaderFooterView.swift */ = {isa = PBXFileReference; fileEncoding = 4; lastKnownFileType = sourcecode.swift; path = MyKarrotTableViewHeaderFooterView.swift; sourceTree = "<group>"; };
		723FE62A2880F64C00A987E7 /* MyKarrotTableViewController.swift */ = {isa = PBXFileReference; lastKnownFileType = sourcecode.swift; path = MyKarrotTableViewController.swift; sourceTree = "<group>"; };
		723FE67A288531F300A987E7 /* ReusableProfileView.swift */ = {isa = PBXFileReference; lastKnownFileType = sourcecode.swift; path = ReusableProfileView.swift; sourceTree = "<group>"; };
		723FE67C2885385000A987E7 /* MerchandiseDetailViewProfileCell.swift */ = {isa = PBXFileReference; lastKnownFileType = sourcecode.swift; path = MerchandiseDetailViewProfileCell.swift; sourceTree = "<group>"; };
		723FE680288539A900A987E7 /* MerchandiseDetailViewOtherPostsCell.swift */ = {isa = PBXFileReference; lastKnownFileType = sourcecode.swift; path = MerchandiseDetailViewOtherPostsCell.swift; sourceTree = "<group>"; };
		723FE682288539F200A987E7 /* MerchandiseDetailViewDescriptionCell.swift */ = {isa = PBXFileReference; lastKnownFileType = sourcecode.swift; path = MerchandiseDetailViewDescriptionCell.swift; sourceTree = "<group>"; };
		723FE68728853E0800A987E7 /* MerchandiseDetailViewController.swift */ = {isa = PBXFileReference; lastKnownFileType = sourcecode.swift; path = MerchandiseDetailViewController.swift; sourceTree = "<group>"; };
		723FE6892887A3FA00A987E7 /* Network.swift */ = {isa = PBXFileReference; lastKnownFileType = sourcecode.swift; path = Network.swift; sourceTree = "<group>"; };
		723FE68B2887B3EF00A987E7 /* MerchandiseDetailTableHeaderView.swift */ = {isa = PBXFileReference; lastKnownFileType = sourcecode.swift; path = MerchandiseDetailTableHeaderView.swift; sourceTree = "<group>"; };
		723FE68F2887E4AE00A987E7 /* MerchandiseDetailViewImageCell.swift */ = {isa = PBXFileReference; lastKnownFileType = sourcecode.swift; path = MerchandiseDetailViewImageCell.swift; sourceTree = "<group>"; };
		723FE691288806CA00A987E7 /* OtherPostsCollectionViewCell.swift */ = {isa = PBXFileReference; lastKnownFileType = sourcecode.swift; path = OtherPostsCollectionViewCell.swift; sourceTree = "<group>"; };
		723FE6932888488600A987E7 /* MerchandiseDetailViewBottomStickyView.swift */ = {isa = PBXFileReference; lastKnownFileType = sourcecode.swift; path = MerchandiseDetailViewBottomStickyView.swift; sourceTree = "<group>"; };
		723FE6952889085400A987E7 /* SearchViewController.swift */ = {isa = PBXFileReference; lastKnownFileType = sourcecode.swift; path = SearchViewController.swift; sourceTree = "<group>"; };
		723FE6972889091D00A987E7 /* TabbarController.swift */ = {isa = PBXFileReference; lastKnownFileType = sourcecode.swift; path = TabbarController.swift; sourceTree = "<group>"; };
		723FE6992889341000A987E7 /* HomeViewController.swift */ = {isa = PBXFileReference; lastKnownFileType = sourcecode.swift; path = HomeViewController.swift; sourceTree = "<group>"; };
		723FE69D2889484700A987E7 /* Copyright.swift */ = {isa = PBXFileReference; lastKnownFileType = sourcecode.swift; path = Copyright.swift; sourceTree = "<group>"; };
		723FE69F2889523800A987E7 /* SearchBarBottomView.swift */ = {isa = PBXFileReference; lastKnownFileType = sourcecode.swift; path = SearchBarBottomView.swift; sourceTree = "<group>"; };
		723FE6A1288AC87C00A987E7 /* MerchandiseTableViewCell.swift */ = {isa = PBXFileReference; lastKnownFileType = sourcecode.swift; path = MerchandiseTableViewCell.swift; sourceTree = "<group>"; };
		7248CA42288D8FB500DDF939 /* ChatViewController.swift */ = {isa = PBXFileReference; lastKnownFileType = sourcecode.swift; path = ChatViewController.swift; sourceTree = "<group>"; };
		84FFF65EC2D21DA804E8D34F /* Pods_KarrotMarketCloneCoding.framework */ = {isa = PBXFileReference; explicitFileType = wrapper.framework; includeInIndex = 0; path = Pods_KarrotMarketCloneCoding.framework; sourceTree = BUILT_PRODUCTS_DIR; };
		D3E122F5287BF66000A1EDC8 /* KarrotMarketCloneCoding.app */ = {isa = PBXFileReference; explicitFileType = wrapper.application; includeInIndex = 0; path = KarrotMarketCloneCoding.app; sourceTree = BUILT_PRODUCTS_DIR; };
		D3E122F8287BF66000A1EDC8 /* AppDelegate.swift */ = {isa = PBXFileReference; lastKnownFileType = sourcecode.swift; path = AppDelegate.swift; sourceTree = "<group>"; };
		D3E122FA287BF66000A1EDC8 /* SceneDelegate.swift */ = {isa = PBXFileReference; lastKnownFileType = sourcecode.swift; path = SceneDelegate.swift; sourceTree = "<group>"; };
		D3E122FF287BF66000A1EDC8 /* Base */ = {isa = PBXFileReference; lastKnownFileType = file.storyboard; name = Base; path = Base.lproj/Main.storyboard; sourceTree = "<group>"; };
		D3E12301287BF66100A1EDC8 /* Assets.xcassets */ = {isa = PBXFileReference; lastKnownFileType = folder.assetcatalog; path = Assets.xcassets; sourceTree = "<group>"; };
		D3E12304287BF66100A1EDC8 /* Base */ = {isa = PBXFileReference; lastKnownFileType = file.storyboard; name = Base; path = Base.lproj/LaunchScreen.storyboard; sourceTree = "<group>"; };
		D3E12306287BF66100A1EDC8 /* Info.plist */ = {isa = PBXFileReference; lastKnownFileType = text.plist.xml; path = Info.plist; sourceTree = "<group>"; };
		E9C03AEF92EC0A43D0E03512 /* Pods-KarrotMarketCloneCoding.debug.xcconfig */ = {isa = PBXFileReference; includeInIndex = 1; lastKnownFileType = text.xcconfig; name = "Pods-KarrotMarketCloneCoding.debug.xcconfig"; path = "Target Support Files/Pods-KarrotMarketCloneCoding/Pods-KarrotMarketCloneCoding.debug.xcconfig"; sourceTree = "<group>"; };
/* End PBXFileReference section */

/* Begin PBXFrameworksBuildPhase section */
		D3E122F2287BF66000A1EDC8 /* Frameworks */ = {
			isa = PBXFrameworksBuildPhase;
			buildActionMask = 2147483647;
			files = (
				56BC395A9ADB51E880D921C7 /* Pods_KarrotMarketCloneCoding.framework in Frameworks */,
			);
			runOnlyForDeploymentPostprocessing = 0;
		};
/* End PBXFrameworksBuildPhase section */

/* Begin PBXGroup section */
		4ACAE6E7621865338BE67F04 /* Frameworks */ = {
			isa = PBXGroup;
			children = (
				84FFF65EC2D21DA804E8D34F /* Pods_KarrotMarketCloneCoding.framework */,
			);
			name = Frameworks;
			sourceTree = "<group>";
		};
		5BC1B9170393AB12FCFA3097 /* Pods */ = {
			isa = PBXGroup;
			children = (
				E9C03AEF92EC0A43D0E03512 /* Pods-KarrotMarketCloneCoding.debug.xcconfig */,
				5B703E666055678C1B3B0DB9 /* Pods-KarrotMarketCloneCoding.release.xcconfig */,
			);
			path = Pods;
			sourceTree = "<group>";
		};
		723FE606287D4ED300A987E7 /* Model */ = {
			isa = PBXGroup;
			children = (
				723FE607287D4EDA00A987E7 /* User.swift */,
				723FE609287D4EEF00A987E7 /* Merchandise.swift */,
			);
			path = Model;
			sourceTree = "<group>";
		};
		723FE611287D64BF00A987E7 /* Extensions */ = {
			isa = PBXGroup;
			children = (
				723FE60F287D649400A987E7 /* Constraints.swift */,
				723FE6892887A3FA00A987E7 /* Network.swift */,
				723FE69D2889484700A987E7 /* Copyright.swift */,
			);
			path = Extensions;
			sourceTree = "<group>";
		};
		723FE68428853A3500A987E7 /* Cell */ = {
			isa = PBXGroup;
			children = (
				723FE67C2885385000A987E7 /* MerchandiseDetailViewProfileCell.swift */,
				723FE682288539F200A987E7 /* MerchandiseDetailViewDescriptionCell.swift */,
				723FE680288539A900A987E7 /* MerchandiseDetailViewOtherPostsCell.swift */,
				723FE691288806CA00A987E7 /* OtherPostsCollectionViewCell.swift */,
				723FE61E287DACA100A987E7 /* MyKarrotTableViewCell.swift */,
				723FE68F2887E4AE00A987E7 /* MerchandiseDetailViewImageCell.swift */,
				723FE6A1288AC87C00A987E7 /* MerchandiseTableViewCell.swift */,
			);
			path = Cell;
			sourceTree = "<group>";
		};
		D3E122EC287BF66000A1EDC8 = {
			isa = PBXGroup;
			children = (
				D3E122F7287BF66000A1EDC8 /* KarrotMarketCloneCoding */,
				D3E122F6287BF66000A1EDC8 /* Products */,
				5BC1B9170393AB12FCFA3097 /* Pods */,
				4ACAE6E7621865338BE67F04 /* Frameworks */,
			);
			sourceTree = "<group>";
		};
		D3E122F6287BF66000A1EDC8 /* Products */ = {
			isa = PBXGroup;
			children = (
				D3E122F5287BF66000A1EDC8 /* KarrotMarketCloneCoding.app */,
			);
			name = Products;
			sourceTree = "<group>";
		};
		D3E122F7287BF66000A1EDC8 /* KarrotMarketCloneCoding */ = {
			isa = PBXGroup;
			children = (
				723FE606287D4ED300A987E7 /* Model */,
				D3E122F8287BF66000A1EDC8 /* AppDelegate.swift */,
				D3E122FA287BF66000A1EDC8 /* SceneDelegate.swift */,
				D3E122FE287BF66000A1EDC8 /* Main.storyboard */,
				723FE612287D837500A987E7 /* ViewController.swift */,
				7248CA42288D8FB500DDF939 /* ChatViewController.swift */,
				723FE6972889091D00A987E7 /* TabbarController.swift */,
				723FE6992889341000A987E7 /* HomeViewController.swift */,
				723FE62A2880F64C00A987E7 /* MyKarrotTableViewController.swift */,
				723FE68728853E0800A987E7 /* MerchandiseDetailViewController.swift */,
				723FE6932888488600A987E7 /* MerchandiseDetailViewBottomStickyView.swift */,
				723FE6952889085400A987E7 /* SearchViewController.swift */,
				723FE69F2889523800A987E7 /* SearchBarBottomView.swift */,
				723FE68428853A3500A987E7 /* Cell */,
				723FE67A288531F300A987E7 /* ReusableProfileView.swift */,
				723FE62628801F1600A987E7 /* MyKarrotHeaderView.swift */,
				723FE68B2887B3EF00A987E7 /* MerchandiseDetailTableHeaderView.swift */,
				723FE628288044AB00A987E7 /* MyKarrotTableViewHeaderFooterView.swift */,
				723FE618287D852C00A987E7 /* MyKarrotTableHeaderViewModel.swift */,
				723FE611287D64BF00A987E7 /* Extensions */,
				D3E12301287BF66100A1EDC8 /* Assets.xcassets */,
				D3E12303287BF66100A1EDC8 /* LaunchScreen.storyboard */,
				D3E12306287BF66100A1EDC8 /* Info.plist */,
			);
			path = KarrotMarketCloneCoding;
			sourceTree = "<group>";
		};
/* End PBXGroup section */

/* Begin PBXNativeTarget section */
		D3E122F4287BF66000A1EDC8 /* KarrotMarketCloneCoding */ = {
			isa = PBXNativeTarget;
			buildConfigurationList = D3E12309287BF66100A1EDC8 /* Build configuration list for PBXNativeTarget "KarrotMarketCloneCoding" */;
			buildPhases = (
				479CC63048284AFAD802C1DE /* [CP] Check Pods Manifest.lock */,
				D3E122F1287BF66000A1EDC8 /* Sources */,
				D3E122F2287BF66000A1EDC8 /* Frameworks */,
				D3E122F3287BF66000A1EDC8 /* Resources */,
				D672D276B0FEE9ABEC691572 /* [CP] Embed Pods Frameworks */,
			);
			buildRules = (
			);
			dependencies = (
			);
			name = KarrotMarketCloneCoding;
			productName = KarrotMarketCloneCoding;
			productReference = D3E122F5287BF66000A1EDC8 /* KarrotMarketCloneCoding.app */;
			productType = "com.apple.product-type.application";
		};
/* End PBXNativeTarget section */

/* Begin PBXProject section */
		D3E122ED287BF66000A1EDC8 /* Project object */ = {
			isa = PBXProject;
			attributes = {
				BuildIndependentTargetsInParallel = 1;
				LastSwiftUpdateCheck = 1320;
				LastUpgradeCheck = 1320;
				TargetAttributes = {
					D3E122F4287BF66000A1EDC8 = {
						CreatedOnToolsVersion = 13.2.1;
					};
				};
			};
			buildConfigurationList = D3E122F0287BF66000A1EDC8 /* Build configuration list for PBXProject "KarrotMarketCloneCoding" */;
			compatibilityVersion = "Xcode 13.0";
			developmentRegion = en;
			hasScannedForEncodings = 0;
			knownRegions = (
				en,
				Base,
			);
			mainGroup = D3E122EC287BF66000A1EDC8;
			productRefGroup = D3E122F6287BF66000A1EDC8 /* Products */;
			projectDirPath = "";
			projectRoot = "";
			targets = (
				D3E122F4287BF66000A1EDC8 /* KarrotMarketCloneCoding */,
			);
		};
/* End PBXProject section */

/* Begin PBXResourcesBuildPhase section */
		D3E122F3287BF66000A1EDC8 /* Resources */ = {
			isa = PBXResourcesBuildPhase;
			buildActionMask = 2147483647;
			files = (
				D3E12305287BF66100A1EDC8 /* LaunchScreen.storyboard in Resources */,
				D3E12302287BF66100A1EDC8 /* Assets.xcassets in Resources */,
				D3E12300287BF66000A1EDC8 /* Main.storyboard in Resources */,
			);
			runOnlyForDeploymentPostprocessing = 0;
		};
/* End PBXResourcesBuildPhase section */

/* Begin PBXShellScriptBuildPhase section */
		479CC63048284AFAD802C1DE /* [CP] Check Pods Manifest.lock */ = {
			isa = PBXShellScriptBuildPhase;
			buildActionMask = 2147483647;
			files = (
			);
			inputFileListPaths = (
			);
			inputPaths = (
				"${PODS_PODFILE_DIR_PATH}/Podfile.lock",
				"${PODS_ROOT}/Manifest.lock",
			);
			name = "[CP] Check Pods Manifest.lock";
			outputFileListPaths = (
			);
			outputPaths = (
				"$(DERIVED_FILE_DIR)/Pods-KarrotMarketCloneCoding-checkManifestLockResult.txt",
			);
			runOnlyForDeploymentPostprocessing = 0;
			shellPath = /bin/sh;
			shellScript = "diff \"${PODS_PODFILE_DIR_PATH}/Podfile.lock\" \"${PODS_ROOT}/Manifest.lock\" > /dev/null\nif [ $? != 0 ] ; then\n    # print error to STDERR\n    echo \"error: The sandbox is not in sync with the Podfile.lock. Run 'pod install' or update your CocoaPods installation.\" >&2\n    exit 1\nfi\n# This output is used by Xcode 'outputs' to avoid re-running this script phase.\necho \"SUCCESS\" > \"${SCRIPT_OUTPUT_FILE_0}\"\n";
			showEnvVarsInLog = 0;
		};
		D672D276B0FEE9ABEC691572 /* [CP] Embed Pods Frameworks */ = {
			isa = PBXShellScriptBuildPhase;
			buildActionMask = 2147483647;
			files = (
			);
			inputFileListPaths = (
				"${PODS_ROOT}/Target Support Files/Pods-KarrotMarketCloneCoding/Pods-KarrotMarketCloneCoding-frameworks-${CONFIGURATION}-input-files.xcfilelist",
			);
			name = "[CP] Embed Pods Frameworks";
			outputFileListPaths = (
				"${PODS_ROOT}/Target Support Files/Pods-KarrotMarketCloneCoding/Pods-KarrotMarketCloneCoding-frameworks-${CONFIGURATION}-output-files.xcfilelist",
			);
			runOnlyForDeploymentPostprocessing = 0;
			shellPath = /bin/sh;
			shellScript = "\"${PODS_ROOT}/Target Support Files/Pods-KarrotMarketCloneCoding/Pods-KarrotMarketCloneCoding-frameworks.sh\"\n";
			showEnvVarsInLog = 0;
		};
/* End PBXShellScriptBuildPhase section */

/* Begin PBXSourcesBuildPhase section */
		D3E122F1287BF66000A1EDC8 /* Sources */ = {
			isa = PBXSourcesBuildPhase;
			buildActionMask = 2147483647;
			files = (
				723FE683288539F200A987E7 /* MerchandiseDetailViewDescriptionCell.swift in Sources */,
				723FE6982889091D00A987E7 /* TabbarController.swift in Sources */,
				723FE68828853E0800A987E7 /* MerchandiseDetailViewController.swift in Sources */,
				723FE6902887E4AE00A987E7 /* MerchandiseDetailViewImageCell.swift in Sources */,
				723FE6942888488600A987E7 /* MerchandiseDetailViewBottomStickyView.swift in Sources */,
				723FE61F287DACA100A987E7 /* MyKarrotTableViewCell.swift in Sources */,
				723FE608287D4EDA00A987E7 /* User.swift in Sources */,
				723FE67B288531F300A987E7 /* ReusableProfileView.swift in Sources */,
				723FE68C2887B3EF00A987E7 /* MerchandiseDetailTableHeaderView.swift in Sources */,
				723FE62728801F1600A987E7 /* MyKarrotHeaderView.swift in Sources */,
				7248CA43288D8FB500DDF939 /* ChatViewController.swift in Sources */,
				723FE613287D837500A987E7 /* ViewController.swift in Sources */,
				723FE629288044AB00A987E7 /* MyKarrotTableViewHeaderFooterView.swift in Sources */,
				723FE60A287D4EEF00A987E7 /* Merchandise.swift in Sources */,
				723FE6962889085400A987E7 /* SearchViewController.swift in Sources */,
				723FE62B2880F64C00A987E7 /* MyKarrotTableViewController.swift in Sources */,
				723FE69A2889341000A987E7 /* HomeViewController.swift in Sources */,
				723FE68A2887A3FA00A987E7 /* Network.swift in Sources */,
				723FE619287D852C00A987E7 /* MyKarrotTableHeaderViewModel.swift in Sources */,
				723FE69E2889484700A987E7 /* Copyright.swift in Sources */,
				723FE67D2885385000A987E7 /* MerchandiseDetailViewProfileCell.swift in Sources */,
				723FE610287D649400A987E7 /* Constraints.swift in Sources */,
				723FE681288539A900A987E7 /* MerchandiseDetailViewOtherPostsCell.swift in Sources */,
				D3E122F9287BF66000A1EDC8 /* AppDelegate.swift in Sources */,
				723FE692288806CB00A987E7 /* OtherPostsCollectionViewCell.swift in Sources */,
				723FE6A02889523800A987E7 /* SearchBarBottomView.swift in Sources */,
				D3E122FB287BF66000A1EDC8 /* SceneDelegate.swift in Sources */,
				723FE6A2288AC87C00A987E7 /* MerchandiseTableViewCell.swift in Sources */,
			);
			runOnlyForDeploymentPostprocessing = 0;
		};
/* End PBXSourcesBuildPhase section */

/* Begin PBXVariantGroup section */
		D3E122FE287BF66000A1EDC8 /* Main.storyboard */ = {
			isa = PBXVariantGroup;
			children = (
				D3E122FF287BF66000A1EDC8 /* Base */,
			);
			name = Main.storyboard;
			sourceTree = "<group>";
		};
		D3E12303287BF66100A1EDC8 /* LaunchScreen.storyboard */ = {
			isa = PBXVariantGroup;
			children = (
				D3E12304287BF66100A1EDC8 /* Base */,
			);
			name = LaunchScreen.storyboard;
			sourceTree = "<group>";
		};
/* End PBXVariantGroup section */

/* Begin XCBuildConfiguration section */
		D3E12307287BF66100A1EDC8 /* Debug */ = {
			isa = XCBuildConfiguration;
			buildSettings = {
				ALWAYS_SEARCH_USER_PATHS = NO;
				CLANG_ANALYZER_NONNULL = YES;
				CLANG_ANALYZER_NUMBER_OBJECT_CONVERSION = YES_AGGRESSIVE;
				CLANG_CXX_LANGUAGE_STANDARD = "gnu++17";
				CLANG_CXX_LIBRARY = "libc++";
				CLANG_ENABLE_MODULES = YES;
				CLANG_ENABLE_OBJC_ARC = YES;
				CLANG_ENABLE_OBJC_WEAK = YES;
				CLANG_WARN_BLOCK_CAPTURE_AUTORELEASING = YES;
				CLANG_WARN_BOOL_CONVERSION = YES;
				CLANG_WARN_COMMA = YES;
				CLANG_WARN_CONSTANT_CONVERSION = YES;
				CLANG_WARN_DEPRECATED_OBJC_IMPLEMENTATIONS = YES;
				CLANG_WARN_DIRECT_OBJC_ISA_USAGE = YES_ERROR;
				CLANG_WARN_DOCUMENTATION_COMMENTS = YES;
				CLANG_WARN_EMPTY_BODY = YES;
				CLANG_WARN_ENUM_CONVERSION = YES;
				CLANG_WARN_INFINITE_RECURSION = YES;
				CLANG_WARN_INT_CONVERSION = YES;
				CLANG_WARN_NON_LITERAL_NULL_CONVERSION = YES;
				CLANG_WARN_OBJC_IMPLICIT_RETAIN_SELF = YES;
				CLANG_WARN_OBJC_LITERAL_CONVERSION = YES;
				CLANG_WARN_OBJC_ROOT_CLASS = YES_ERROR;
				CLANG_WARN_QUOTED_INCLUDE_IN_FRAMEWORK_HEADER = YES;
				CLANG_WARN_RANGE_LOOP_ANALYSIS = YES;
				CLANG_WARN_STRICT_PROTOTYPES = YES;
				CLANG_WARN_SUSPICIOUS_MOVE = YES;
				CLANG_WARN_UNGUARDED_AVAILABILITY = YES_AGGRESSIVE;
				CLANG_WARN_UNREACHABLE_CODE = YES;
				CLANG_WARN__DUPLICATE_METHOD_MATCH = YES;
				COPY_PHASE_STRIP = NO;
				DEBUG_INFORMATION_FORMAT = dwarf;
				ENABLE_STRICT_OBJC_MSGSEND = YES;
				ENABLE_TESTABILITY = YES;
				GCC_C_LANGUAGE_STANDARD = gnu11;
				GCC_DYNAMIC_NO_PIC = NO;
				GCC_NO_COMMON_BLOCKS = YES;
				GCC_OPTIMIZATION_LEVEL = 0;
				GCC_PREPROCESSOR_DEFINITIONS = (
					"DEBUG=1",
					"$(inherited)",
				);
				GCC_WARN_64_TO_32_BIT_CONVERSION = YES;
				GCC_WARN_ABOUT_RETURN_TYPE = YES_ERROR;
				GCC_WARN_UNDECLARED_SELECTOR = YES;
				GCC_WARN_UNINITIALIZED_AUTOS = YES_AGGRESSIVE;
				GCC_WARN_UNUSED_FUNCTION = YES;
				GCC_WARN_UNUSED_VARIABLE = YES;
				IPHONEOS_DEPLOYMENT_TARGET = 15.2;
				MTL_ENABLE_DEBUG_INFO = INCLUDE_SOURCE;
				MTL_FAST_MATH = YES;
				ONLY_ACTIVE_ARCH = YES;
				SDKROOT = iphoneos;
				SWIFT_ACTIVE_COMPILATION_CONDITIONS = DEBUG;
				SWIFT_OPTIMIZATION_LEVEL = "-Onone";
			};
			name = Debug;
		};
		D3E12308287BF66100A1EDC8 /* Release */ = {
			isa = XCBuildConfiguration;
			buildSettings = {
				ALWAYS_SEARCH_USER_PATHS = NO;
				CLANG_ANALYZER_NONNULL = YES;
				CLANG_ANALYZER_NUMBER_OBJECT_CONVERSION = YES_AGGRESSIVE;
				CLANG_CXX_LANGUAGE_STANDARD = "gnu++17";
				CLANG_CXX_LIBRARY = "libc++";
				CLANG_ENABLE_MODULES = YES;
				CLANG_ENABLE_OBJC_ARC = YES;
				CLANG_ENABLE_OBJC_WEAK = YES;
				CLANG_WARN_BLOCK_CAPTURE_AUTORELEASING = YES;
				CLANG_WARN_BOOL_CONVERSION = YES;
				CLANG_WARN_COMMA = YES;
				CLANG_WARN_CONSTANT_CONVERSION = YES;
				CLANG_WARN_DEPRECATED_OBJC_IMPLEMENTATIONS = YES;
				CLANG_WARN_DIRECT_OBJC_ISA_USAGE = YES_ERROR;
				CLANG_WARN_DOCUMENTATION_COMMENTS = YES;
				CLANG_WARN_EMPTY_BODY = YES;
				CLANG_WARN_ENUM_CONVERSION = YES;
				CLANG_WARN_INFINITE_RECURSION = YES;
				CLANG_WARN_INT_CONVERSION = YES;
				CLANG_WARN_NON_LITERAL_NULL_CONVERSION = YES;
				CLANG_WARN_OBJC_IMPLICIT_RETAIN_SELF = YES;
				CLANG_WARN_OBJC_LITERAL_CONVERSION = YES;
				CLANG_WARN_OBJC_ROOT_CLASS = YES_ERROR;
				CLANG_WARN_QUOTED_INCLUDE_IN_FRAMEWORK_HEADER = YES;
				CLANG_WARN_RANGE_LOOP_ANALYSIS = YES;
				CLANG_WARN_STRICT_PROTOTYPES = YES;
				CLANG_WARN_SUSPICIOUS_MOVE = YES;
				CLANG_WARN_UNGUARDED_AVAILABILITY = YES_AGGRESSIVE;
				CLANG_WARN_UNREACHABLE_CODE = YES;
				CLANG_WARN__DUPLICATE_METHOD_MATCH = YES;
				COPY_PHASE_STRIP = NO;
				DEBUG_INFORMATION_FORMAT = "dwarf-with-dsym";
				ENABLE_NS_ASSERTIONS = NO;
				ENABLE_STRICT_OBJC_MSGSEND = YES;
				GCC_C_LANGUAGE_STANDARD = gnu11;
				GCC_NO_COMMON_BLOCKS = YES;
				GCC_WARN_64_TO_32_BIT_CONVERSION = YES;
				GCC_WARN_ABOUT_RETURN_TYPE = YES_ERROR;
				GCC_WARN_UNDECLARED_SELECTOR = YES;
				GCC_WARN_UNINITIALIZED_AUTOS = YES_AGGRESSIVE;
				GCC_WARN_UNUSED_FUNCTION = YES;
				GCC_WARN_UNUSED_VARIABLE = YES;
				IPHONEOS_DEPLOYMENT_TARGET = 15.2;
				MTL_ENABLE_DEBUG_INFO = NO;
				MTL_FAST_MATH = YES;
				SDKROOT = iphoneos;
				SWIFT_COMPILATION_MODE = wholemodule;
				SWIFT_OPTIMIZATION_LEVEL = "-O";
				VALIDATE_PRODUCT = YES;
			};
			name = Release;
		};
		D3E1230A287BF66100A1EDC8 /* Debug */ = {
			isa = XCBuildConfiguration;
			baseConfigurationReference = E9C03AEF92EC0A43D0E03512 /* Pods-KarrotMarketCloneCoding.debug.xcconfig */;
			buildSettings = {
				ASSETCATALOG_COMPILER_APPICON_NAME = AppIcon;
				ASSETCATALOG_COMPILER_GLOBAL_ACCENT_COLOR_NAME = AccentColor;
				CODE_SIGN_STYLE = Automatic;
				CURRENT_PROJECT_VERSION = 1;
				DEVELOPMENT_TEAM = 887U9L3L57;
				GENERATE_INFOPLIST_FILE = YES;
				INFOPLIST_FILE = KarrotMarketCloneCoding/Info.plist;
				INFOPLIST_KEY_UIApplicationSupportsIndirectInputEvents = YES;
				INFOPLIST_KEY_UILaunchStoryboardName = LaunchScreen;
				INFOPLIST_KEY_UIMainStoryboardFile = Main;
				INFOPLIST_KEY_UISupportedInterfaceOrientations_iPad = "UIInterfaceOrientationPortrait UIInterfaceOrientationPortraitUpsideDown UIInterfaceOrientationLandscapeLeft UIInterfaceOrientationLandscapeRight";
				INFOPLIST_KEY_UISupportedInterfaceOrientations_iPhone = "UIInterfaceOrientationPortrait UIInterfaceOrientationLandscapeLeft UIInterfaceOrientationLandscapeRight";
				LD_RUNPATH_SEARCH_PATHS = (
					"$(inherited)",
					"@executable_path/Frameworks",
				);
				MARKETING_VERSION = 1.0;
				PRODUCT_BUNDLE_IDENTIFIER = BrianEHD.KarrotMarketCloneCoding;
				PRODUCT_NAME = "$(TARGET_NAME)";
				SWIFT_EMIT_LOC_STRINGS = YES;
				SWIFT_VERSION = 5.0;
				TARGETED_DEVICE_FAMILY = "1,2";
			};
			name = Debug;
		};
		D3E1230B287BF66100A1EDC8 /* Release */ = {
			isa = XCBuildConfiguration;
			baseConfigurationReference = 5B703E666055678C1B3B0DB9 /* Pods-KarrotMarketCloneCoding.release.xcconfig */;
			buildSettings = {
				ASSETCATALOG_COMPILER_APPICON_NAME = AppIcon;
				ASSETCATALOG_COMPILER_GLOBAL_ACCENT_COLOR_NAME = AccentColor;
				CODE_SIGN_STYLE = Automatic;
				CURRENT_PROJECT_VERSION = 1;
				DEVELOPMENT_TEAM = 887U9L3L57;
				GENERATE_INFOPLIST_FILE = YES;
				INFOPLIST_FILE = KarrotMarketCloneCoding/Info.plist;
				INFOPLIST_KEY_UIApplicationSupportsIndirectInputEvents = YES;
				INFOPLIST_KEY_UILaunchStoryboardName = LaunchScreen;
				INFOPLIST_KEY_UIMainStoryboardFile = Main;
				INFOPLIST_KEY_UISupportedInterfaceOrientations_iPad = "UIInterfaceOrientationPortrait UIInterfaceOrientationPortraitUpsideDown UIInterfaceOrientationLandscapeLeft UIInterfaceOrientationLandscapeRight";
				INFOPLIST_KEY_UISupportedInterfaceOrientations_iPhone = "UIInterfaceOrientationPortrait UIInterfaceOrientationLandscapeLeft UIInterfaceOrientationLandscapeRight";
				LD_RUNPATH_SEARCH_PATHS = (
					"$(inherited)",
					"@executable_path/Frameworks",
				);
				MARKETING_VERSION = 1.0;
				PRODUCT_BUNDLE_IDENTIFIER = BrianEHD.KarrotMarketCloneCoding;
				PRODUCT_NAME = "$(TARGET_NAME)";
				SWIFT_EMIT_LOC_STRINGS = YES;
				SWIFT_VERSION = 5.0;
				TARGETED_DEVICE_FAMILY = "1,2";
			};
			name = Release;
		};
/* End XCBuildConfiguration section */

/* Begin XCConfigurationList section */
		D3E122F0287BF66000A1EDC8 /* Build configuration list for PBXProject "KarrotMarketCloneCoding" */ = {
			isa = XCConfigurationList;
			buildConfigurations = (
				D3E12307287BF66100A1EDC8 /* Debug */,
				D3E12308287BF66100A1EDC8 /* Release */,
			);
			defaultConfigurationIsVisible = 0;
			defaultConfigurationName = Release;
		};
		D3E12309287BF66100A1EDC8 /* Build configuration list for PBXNativeTarget "KarrotMarketCloneCoding" */ = {
			isa = XCConfigurationList;
			buildConfigurations = (
				D3E1230A287BF66100A1EDC8 /* Debug */,
				D3E1230B287BF66100A1EDC8 /* Release */,
			);
			defaultConfigurationIsVisible = 0;
			defaultConfigurationName = Release;
		};
/* End XCConfigurationList section */
	};
	rootObject = D3E122ED287BF66000A1EDC8 /* Project object */;
}
