// !$*UTF8*$!
{
	archiveVersion = 1;
	classes = {
	};
	objectVersion = 55;
	objects = {

/* Begin PBXBuildFile section */
		56BC395A9ADB51E880D921C7 /* Pods_KarrotMarketCloneCoding.framework in Frameworks */ = {isa = PBXBuildFile; fileRef = 84FFF65EC2D21DA804E8D34F /* Pods_KarrotMarketCloneCoding.framework */; };
		722CE3AF28EDD0D800D22AB4 /* UserItemTableViewController.swift in Sources */ = {isa = PBXBuildFile; fileRef = 722CE3AE28EDD0D800D22AB4 /* UserItemTableViewController.swift */; };
		723FE608287D4EDA00A987E7 /* User.swift in Sources */ = {isa = PBXBuildFile; fileRef = 723FE607287D4EDA00A987E7 /* User.swift */; };
		723FE60A287D4EEF00A987E7 /* Item.swift in Sources */ = {isa = PBXBuildFile; fileRef = 723FE609287D4EEF00A987E7 /* Item.swift */; };
		723FE610287D649400A987E7 /* Constraints.swift in Sources */ = {isa = PBXBuildFile; fileRef = 723FE60F287D649400A987E7 /* Constraints.swift */; };
		723FE61F287DACA100A987E7 /* MyKarrotTableViewCell.swift in Sources */ = {isa = PBXBuildFile; fileRef = 723FE61E287DACA100A987E7 /* MyKarrotTableViewCell.swift */; };
		723FE62728801F1600A987E7 /* MyKarrotHeaderView.swift in Sources */ = {isa = PBXBuildFile; fileRef = 723FE62628801F1600A987E7 /* MyKarrotHeaderView.swift */; };
		723FE629288044AB00A987E7 /* MyKarrotTableViewHeaderFooterView.swift in Sources */ = {isa = PBXBuildFile; fileRef = 723FE628288044AB00A987E7 /* MyKarrotTableViewHeaderFooterView.swift */; };
		723FE62B2880F64C00A987E7 /* MyKarrotViewController.swift in Sources */ = {isa = PBXBuildFile; fileRef = 723FE62A2880F64C00A987E7 /* MyKarrotViewController.swift */; };
		723FE67B288531F300A987E7 /* ReusableProfileView.swift in Sources */ = {isa = PBXBuildFile; fileRef = 723FE67A288531F300A987E7 /* ReusableProfileView.swift */; };
		723FE67D2885385000A987E7 /* ItemDetailViewProfileCell.swift in Sources */ = {isa = PBXBuildFile; fileRef = 723FE67C2885385000A987E7 /* ItemDetailViewProfileCell.swift */; };
		723FE681288539A900A987E7 /* ItemDetailViewOtherItemsCell.swift in Sources */ = {isa = PBXBuildFile; fileRef = 723FE680288539A900A987E7 /* ItemDetailViewOtherItemsCell.swift */; };
		723FE683288539F200A987E7 /* ItemDetailViewDescriptionCell.swift in Sources */ = {isa = PBXBuildFile; fileRef = 723FE682288539F200A987E7 /* ItemDetailViewDescriptionCell.swift */; };
		723FE68828853E0800A987E7 /* ItemDetailViewController.swift in Sources */ = {isa = PBXBuildFile; fileRef = 723FE68728853E0800A987E7 /* ItemDetailViewController.swift */; };
		723FE6902887E4AE00A987E7 /* ItemDetailViewImagesCollectionViewCell.swift in Sources */ = {isa = PBXBuildFile; fileRef = 723FE68F2887E4AE00A987E7 /* ItemDetailViewImagesCollectionViewCell.swift */; };
		723FE692288806CB00A987E7 /* ItemDetailViewOtherItemsCollectionViewCell.swift in Sources */ = {isa = PBXBuildFile; fileRef = 723FE691288806CA00A987E7 /* ItemDetailViewOtherItemsCollectionViewCell.swift */; };
		723FE6942888488600A987E7 /* ItemDetailViewBottomStickyView.swift in Sources */ = {isa = PBXBuildFile; fileRef = 723FE6932888488600A987E7 /* ItemDetailViewBottomStickyView.swift */; };
		723FE6962889085400A987E7 /* SearchViewController.swift in Sources */ = {isa = PBXBuildFile; fileRef = 723FE6952889085400A987E7 /* SearchViewController.swift */; };
		723FE6982889091D00A987E7 /* TabbarController.swift in Sources */ = {isa = PBXBuildFile; fileRef = 723FE6972889091D00A987E7 /* TabbarController.swift */; };
		723FE69A2889341000A987E7 /* HomeTableViewController.swift in Sources */ = {isa = PBXBuildFile; fileRef = 723FE6992889341000A987E7 /* HomeTableViewController.swift */; };
		723FE69E2889484700A987E7 /* Copyright.swift in Sources */ = {isa = PBXBuildFile; fileRef = 723FE69D2889484700A987E7 /* Copyright.swift */; };
		723FE6A02889523800A987E7 /* SearchBarBottomView.swift in Sources */ = {isa = PBXBuildFile; fileRef = 723FE69F2889523800A987E7 /* SearchBarBottomView.swift */; };
		723FE6A2288AC87C00A987E7 /* HomeTableViewCell.swift in Sources */ = {isa = PBXBuildFile; fileRef = 723FE6A1288AC87C00A987E7 /* HomeTableViewCell.swift */; };
		7248CA47288F5CED00DDF939 /* HomeTableViewModel.swift in Sources */ = {isa = PBXBuildFile; fileRef = 7248CA46288F5CED00DDF939 /* HomeTableViewModel.swift */; };
		7252269129CAB09800491C64 /* SceneController.swift in Sources */ = {isa = PBXBuildFile; fileRef = 7252269029CAB09800491C64 /* SceneController.swift */; };
		7252269D29CAB8E100491C64 /* CustomTextField.swift in Sources */ = {isa = PBXBuildFile; fileRef = 7252269C29CAB8E100491C64 /* CustomTextField.swift */; };
		7252269F29CAB91B00491C64 /* CustomNavigationBar.swift in Sources */ = {isa = PBXBuildFile; fileRef = 7252269E29CAB91B00491C64 /* CustomNavigationBar.swift */; };
		725226A129CAB94600491C64 /* CustomInputView.swift in Sources */ = {isa = PBXBuildFile; fileRef = 725226A029CAB94600491C64 /* CustomInputView.swift */; };
		725226A329CAB97C00491C64 /* CustomPlaceholderTextView.swift in Sources */ = {isa = PBXBuildFile; fileRef = 725226A229CAB97C00491C64 /* CustomPlaceholderTextView.swift */; };
		725226A529CABE0300491C64 /* MyPageViewModel.swift in Sources */ = {isa = PBXBuildFile; fileRef = 725226A429CABE0300491C64 /* MyPageViewModel.swift */; };
		725226A729CAC18B00491C64 /* AuthenticationViewModel.swift in Sources */ = {isa = PBXBuildFile; fileRef = 725226A629CAC18B00491C64 /* AuthenticationViewModel.swift */; };
		725226AB29CAEC7E00491C64 /* ItemDetailViewModel.swift in Sources */ = {isa = PBXBuildFile; fileRef = 725226AA29CAEC7E00491C64 /* ItemDetailViewModel.swift */; };
		725226AD29CAEDA500491C64 /* KarrotResponse.swift in Sources */ = {isa = PBXBuildFile; fileRef = 725226AC29CAEDA500491C64 /* KarrotResponse.swift */; };
		725226AF29CAF4F000491C64 /* ContentTableViewCell.swift in Sources */ = {isa = PBXBuildFile; fileRef = 725226AE29CAF4F000491C64 /* ContentTableViewCell.swift */; };
		725226B129CAF5C200491C64 /* LocationSelectTableViewCell.swift in Sources */ = {isa = PBXBuildFile; fileRef = 725226B029CAF5C200491C64 /* LocationSelectTableViewCell.swift */; };
		725226B329CAF7CB00491C64 /* MapViewController.swift in Sources */ = {isa = PBXBuildFile; fileRef = 725226B229CAF7CB00491C64 /* MapViewController.swift */; };
		725226B529CAF85000491C64 /* BottomSheetViewController.swift in Sources */ = {isa = PBXBuildFile; fileRef = 725226B429CAF85000491C64 /* BottomSheetViewController.swift */; };
		72C456B529D660B700E359CD /* LocationInfo.swift in Sources */ = {isa = PBXBuildFile; fileRef = 72C456B429D660B700E359CD /* LocationInfo.swift */; };
		72C456B829D6D0E200E359CD /* NewPostViewModel.swift in Sources */ = {isa = PBXBuildFile; fileRef = 72C456B729D6D0E200E359CD /* NewPostViewModel.swift */; };
		72C7143E29DAC1F600A93575 /* LocationSettingViewController.swift in Sources */ = {isa = PBXBuildFile; fileRef = 72C7143D29DAC1F600A93575 /* LocationSettingViewController.swift */; };
		72ED25C92898D87800031AD1 /* CustomAF.swift in Sources */ = {isa = PBXBuildFile; fileRef = 72ED25C82898D87800031AD1 /* CustomAF.swift */; };
		72ED25CB2898D95F00031AD1 /* ExtensionMethod.swift in Sources */ = {isa = PBXBuildFile; fileRef = 72ED25CA2898D95F00031AD1 /* ExtensionMethod.swift */; };
		72F7CFB128F91DB200E0D0C0 /* ChatTableViewCell.swift in Sources */ = {isa = PBXBuildFile; fileRef = 72F7CFB028F91DB200E0D0C0 /* ChatTableViewCell.swift */; };
		72F7CFB328F9222C00E0D0C0 /* ConversationViewController.swift in Sources */ = {isa = PBXBuildFile; fileRef = 72F7CFB228F9222C00E0D0C0 /* ConversationViewController.swift */; };
		72F7CFB528F922AD00E0D0C0 /* ConversationViewCell.swift in Sources */ = {isa = PBXBuildFile; fileRef = 72F7CFB428F922AD00E0D0C0 /* ConversationViewCell.swift */; };
		72F7CFB728F92CB400E0D0C0 /* Chat.swift in Sources */ = {isa = PBXBuildFile; fileRef = 72F7CFB628F92CB400E0D0C0 /* Chat.swift */; };
		72F7D02928F9BB9B00E0D0C0 /* ConversationView.swift in Sources */ = {isa = PBXBuildFile; fileRef = 72F7D02828F9BB9B00E0D0C0 /* ConversationView.swift */; };
		72F7D02B28FA88C900E0D0C0 /* IncomingMessageCell.xib in Resources */ = {isa = PBXBuildFile; fileRef = 72F7D02A28FA88C900E0D0C0 /* IncomingMessageCell.xib */; };
		72F7D02D28FA88DC00E0D0C0 /* OutgoingMessageCell.xib in Resources */ = {isa = PBXBuildFile; fileRef = 72F7D02C28FA88DC00E0D0C0 /* OutgoingMessageCell.xib */; };
		D347FE84288BE8A100EF06B5 /* UserCheckView.swift in Sources */ = {isa = PBXBuildFile; fileRef = D347FE83288BE8A100EF06B5 /* UserCheckView.swift */; };
		D347FE86288BF1CA00EF06B5 /* NewPostTableView.swift in Sources */ = {isa = PBXBuildFile; fileRef = D347FE85288BF1CA00EF06B5 /* NewPostTableView.swift */; };
		D347FE88288C2FC700EF06B5 /* NotificationViewController.swift in Sources */ = {isa = PBXBuildFile; fileRef = D347FE87288C2FC700EF06B5 /* NotificationViewController.swift */; };
		D347FE8A288C31FA00EF06B5 /* NotificationTableView.swift in Sources */ = {isa = PBXBuildFile; fileRef = D347FE89288C31FA00EF06B5 /* NotificationTableView.swift */; };
		D347FE8C288C323800EF06B5 /* NotificationTableViewCell.swift in Sources */ = {isa = PBXBuildFile; fileRef = D347FE8B288C323800EF06B5 /* NotificationTableViewCell.swift */; };
		D3A2158A288D905400D06AD3 /* Notification.swift in Sources */ = {isa = PBXBuildFile; fileRef = D3A21584288D905400D06AD3 /* Notification.swift */; };
		D3A2158B288D905400D06AD3 /* Enum.swift in Sources */ = {isa = PBXBuildFile; fileRef = D3A21585288D905400D06AD3 /* Enum.swift */; };
		D3A2158D288D905400D06AD3 /* Color.swift in Sources */ = {isa = PBXBuildFile; fileRef = D3A21588288D905400D06AD3 /* Color.swift */; };
		D3A2158F288D90E800D06AD3 /* ChatTableViewController.swift in Sources */ = {isa = PBXBuildFile; fileRef = D3A2158E288D90E800D06AD3 /* ChatTableViewController.swift */; };
		D3C23A5828EB28B5009B53B4 /* JWTDecode in Frameworks */ = {isa = PBXBuildFile; productRef = D3C23A5728EB28B5009B53B4 /* JWTDecode */; };
		D3D93CDF28EB21DD00B3CE7B /* SettingViewController.swift in Sources */ = {isa = PBXBuildFile; fileRef = D3D93CDE28EB21DD00B3CE7B /* SettingViewController.swift */; };
		D3DF36292881AF5100F20065 /* ProfileEditingViewController.swift in Sources */ = {isa = PBXBuildFile; fileRef = D3DF36282881AF5100F20065 /* ProfileEditingViewController.swift */; };
		D3DF362B2881B35200F20065 /* ReusableSettingProfileView.swift in Sources */ = {isa = PBXBuildFile; fileRef = D3DF362A2881B35200F20065 /* ReusableSettingProfileView.swift */; };
		D3DF365E2884282C00F20065 /* NewPostTableViewController.swift in Sources */ = {isa = PBXBuildFile; fileRef = D3DF365D2884282C00F20065 /* NewPostTableViewController.swift */; };
		D3DF36602884299500F20065 /* PhotosSelectingTableViewCell.swift in Sources */ = {isa = PBXBuildFile; fileRef = D3DF365F2884299500F20065 /* PhotosSelectingTableViewCell.swift */; };
		D3DF366328842A7300F20065 /* TitleTableViewCell.swift in Sources */ = {isa = PBXBuildFile; fileRef = D3DF366128842A7300F20065 /* TitleTableViewCell.swift */; };
		D3DF366828842F6B00F20065 /* PhotosSelectingTableViewCell.xib in Resources */ = {isa = PBXBuildFile; fileRef = D3DF366728842F6B00F20065 /* PhotosSelectingTableViewCell.xib */; };
		D3DF366C2884495D00F20065 /* BasicTableViewCell.swift in Sources */ = {isa = PBXBuildFile; fileRef = D3DF366A2884495D00F20065 /* BasicTableViewCell.swift */; };
		D3DF3670288457FD00F20065 /* PriceTableViewCell.swift in Sources */ = {isa = PBXBuildFile; fileRef = D3DF366E288457FD00F20065 /* PriceTableViewCell.swift */; };
		D3DF36782885B53C00F20065 /* PhotosCollectionViewCell.swift in Sources */ = {isa = PBXBuildFile; fileRef = D3DF36762885B53C00F20065 /* PhotosCollectionViewCell.swift */; };
		D3DF36792885B53C00F20065 /* PhotosCollectionViewCell.xib in Resources */ = {isa = PBXBuildFile; fileRef = D3DF36772885B53C00F20065 /* PhotosCollectionViewCell.xib */; };
		D3DF367C2887AF3C00F20065 /* PhotoPickerCollectionViewCell.swift in Sources */ = {isa = PBXBuildFile; fileRef = D3DF367A2887AF3C00F20065 /* PhotoPickerCollectionViewCell.swift */; };
		D3DF367D2887AF3C00F20065 /* PhotoPickerCollectionViewCell.xib in Resources */ = {isa = PBXBuildFile; fileRef = D3DF367B2887AF3C00F20065 /* PhotoPickerCollectionViewCell.xib */; };
		D3DF36802889785000F20065 /* PhotosCollectionView.swift in Sources */ = {isa = PBXBuildFile; fileRef = D3DF367F2889785000F20065 /* PhotosCollectionView.swift */; };
		D3DF368A288ACC0900F20065 /* CategoryTableViewController.swift in Sources */ = {isa = PBXBuildFile; fileRef = D3DF3689288ACC0900F20065 /* CategoryTableViewController.swift */; };
		D3E122F9287BF66000A1EDC8 /* AppDelegate.swift in Sources */ = {isa = PBXBuildFile; fileRef = D3E122F8287BF66000A1EDC8 /* AppDelegate.swift */; };
		D3E122FB287BF66000A1EDC8 /* SceneDelegate.swift in Sources */ = {isa = PBXBuildFile; fileRef = D3E122FA287BF66000A1EDC8 /* SceneDelegate.swift */; };
		D3E12300287BF66000A1EDC8 /* (null) in Resources */ = {isa = PBXBuildFile; };
		D3E12302287BF66100A1EDC8 /* Assets.xcassets in Resources */ = {isa = PBXBuildFile; fileRef = D3E12301287BF66100A1EDC8 /* Assets.xcassets */; };
		D3E12305287BF66100A1EDC8 /* LaunchScreen.storyboard in Resources */ = {isa = PBXBuildFile; fileRef = D3E12303287BF66100A1EDC8 /* LaunchScreen.storyboard */; };
		D3E12313287D9AF800A1EDC8 /* UserCheckViewController.swift in Sources */ = {isa = PBXBuildFile; fileRef = D3E12312287D9AF800A1EDC8 /* UserCheckViewController.swift */; };
		D3E12319287FF55E00A1EDC8 /* SignUpViewController.swift in Sources */ = {isa = PBXBuildFile; fileRef = D3E12318287FF55E00A1EDC8 /* SignUpViewController.swift */; };
		D3E1231D28800E5700A1EDC8 /* ReusableSignView.swift in Sources */ = {isa = PBXBuildFile; fileRef = D3E1231C28800E5700A1EDC8 /* ReusableSignView.swift */; };
		D3E1231F28800FEE00A1EDC8 /* SignInViewController.swift in Sources */ = {isa = PBXBuildFile; fileRef = D3E1231E28800FEE00A1EDC8 /* SignInViewController.swift */; };
		D3F0E7C228E03507006AEB3D /* ProfileSettingViewController.swift in Sources */ = {isa = PBXBuildFile; fileRef = D3F0E7C128E03507006AEB3D /* ProfileSettingViewController.swift */; };
		D3F0E7C428E0ABF4006AEB3D /* KeyChain.swift in Sources */ = {isa = PBXBuildFile; fileRef = D3F0E7C328E0ABF4006AEB3D /* KeyChain.swift */; };
		D3F0E7C628E28717006AEB3D /* SimpleAlertController.swift in Sources */ = {isa = PBXBuildFile; fileRef = D3F0E7C528E28717006AEB3D /* SimpleAlertController.swift */; };
		D3F0E7C828E28B89006AEB3D /* Constant.swift in Sources */ = {isa = PBXBuildFile; fileRef = D3F0E7C728E28B89006AEB3D /* Constant.swift */; };
		D3FB4CE428919C3F003300B0 /* Formatters.swift in Sources */ = {isa = PBXBuildFile; fileRef = D3FB4CE328919C3F003300B0 /* Formatters.swift */; };
/* End PBXBuildFile section */

/* Begin PBXFileReference section */
		5B703E666055678C1B3B0DB9 /* Pods-KarrotMarketCloneCoding.release.xcconfig */ = {isa = PBXFileReference; includeInIndex = 1; lastKnownFileType = text.xcconfig; name = "Pods-KarrotMarketCloneCoding.release.xcconfig"; path = "Target Support Files/Pods-KarrotMarketCloneCoding/Pods-KarrotMarketCloneCoding.release.xcconfig"; sourceTree = "<group>"; };
		722CE3AE28EDD0D800D22AB4 /* UserItemTableViewController.swift */ = {isa = PBXFileReference; lastKnownFileType = sourcecode.swift; path = UserItemTableViewController.swift; sourceTree = "<group>"; };
		723FE607287D4EDA00A987E7 /* User.swift */ = {isa = PBXFileReference; lastKnownFileType = sourcecode.swift; path = User.swift; sourceTree = "<group>"; };
		723FE609287D4EEF00A987E7 /* Item.swift */ = {isa = PBXFileReference; lastKnownFileType = sourcecode.swift; path = Item.swift; sourceTree = "<group>"; };
		723FE60F287D649400A987E7 /* Constraints.swift */ = {isa = PBXFileReference; fileEncoding = 4; lastKnownFileType = sourcecode.swift; path = Constraints.swift; sourceTree = "<group>"; };
		723FE61E287DACA100A987E7 /* MyKarrotTableViewCell.swift */ = {isa = PBXFileReference; lastKnownFileType = sourcecode.swift; path = MyKarrotTableViewCell.swift; sourceTree = "<group>"; };
		723FE62628801F1600A987E7 /* MyKarrotHeaderView.swift */ = {isa = PBXFileReference; lastKnownFileType = sourcecode.swift; path = MyKarrotHeaderView.swift; sourceTree = "<group>"; };
		723FE628288044AB00A987E7 /* MyKarrotTableViewHeaderFooterView.swift */ = {isa = PBXFileReference; fileEncoding = 4; lastKnownFileType = sourcecode.swift; path = MyKarrotTableViewHeaderFooterView.swift; sourceTree = "<group>"; };
		723FE62A2880F64C00A987E7 /* MyKarrotViewController.swift */ = {isa = PBXFileReference; lastKnownFileType = sourcecode.swift; path = MyKarrotViewController.swift; sourceTree = "<group>"; };
		723FE67A288531F300A987E7 /* ReusableProfileView.swift */ = {isa = PBXFileReference; lastKnownFileType = sourcecode.swift; path = ReusableProfileView.swift; sourceTree = "<group>"; };
		723FE67C2885385000A987E7 /* ItemDetailViewProfileCell.swift */ = {isa = PBXFileReference; lastKnownFileType = sourcecode.swift; path = ItemDetailViewProfileCell.swift; sourceTree = "<group>"; };
		723FE680288539A900A987E7 /* ItemDetailViewOtherItemsCell.swift */ = {isa = PBXFileReference; lastKnownFileType = sourcecode.swift; path = ItemDetailViewOtherItemsCell.swift; sourceTree = "<group>"; };
		723FE682288539F200A987E7 /* ItemDetailViewDescriptionCell.swift */ = {isa = PBXFileReference; lastKnownFileType = sourcecode.swift; path = ItemDetailViewDescriptionCell.swift; sourceTree = "<group>"; };
		723FE68728853E0800A987E7 /* ItemDetailViewController.swift */ = {isa = PBXFileReference; lastKnownFileType = sourcecode.swift; path = ItemDetailViewController.swift; sourceTree = "<group>"; };
		723FE68F2887E4AE00A987E7 /* ItemDetailViewImagesCollectionViewCell.swift */ = {isa = PBXFileReference; lastKnownFileType = sourcecode.swift; path = ItemDetailViewImagesCollectionViewCell.swift; sourceTree = "<group>"; };
		723FE691288806CA00A987E7 /* ItemDetailViewOtherItemsCollectionViewCell.swift */ = {isa = PBXFileReference; lastKnownFileType = sourcecode.swift; path = ItemDetailViewOtherItemsCollectionViewCell.swift; sourceTree = "<group>"; };
		723FE6932888488600A987E7 /* ItemDetailViewBottomStickyView.swift */ = {isa = PBXFileReference; lastKnownFileType = sourcecode.swift; path = ItemDetailViewBottomStickyView.swift; sourceTree = "<group>"; };
		723FE6952889085400A987E7 /* SearchViewController.swift */ = {isa = PBXFileReference; lastKnownFileType = sourcecode.swift; path = SearchViewController.swift; sourceTree = "<group>"; };
		723FE6972889091D00A987E7 /* TabbarController.swift */ = {isa = PBXFileReference; lastKnownFileType = sourcecode.swift; path = TabbarController.swift; sourceTree = "<group>"; };
		723FE6992889341000A987E7 /* HomeTableViewController.swift */ = {isa = PBXFileReference; lastKnownFileType = sourcecode.swift; path = HomeTableViewController.swift; sourceTree = "<group>"; };
		723FE69D2889484700A987E7 /* Copyright.swift */ = {isa = PBXFileReference; lastKnownFileType = sourcecode.swift; path = Copyright.swift; sourceTree = "<group>"; };
		723FE69F2889523800A987E7 /* SearchBarBottomView.swift */ = {isa = PBXFileReference; lastKnownFileType = sourcecode.swift; path = SearchBarBottomView.swift; sourceTree = "<group>"; };
		723FE6A1288AC87C00A987E7 /* HomeTableViewCell.swift */ = {isa = PBXFileReference; lastKnownFileType = sourcecode.swift; path = HomeTableViewCell.swift; sourceTree = "<group>"; };
		7248CA46288F5CED00DDF939 /* HomeTableViewModel.swift */ = {isa = PBXFileReference; lastKnownFileType = sourcecode.swift; path = HomeTableViewModel.swift; sourceTree = "<group>"; };
		7252269029CAB09800491C64 /* SceneController.swift */ = {isa = PBXFileReference; lastKnownFileType = sourcecode.swift; path = SceneController.swift; sourceTree = "<group>"; };
		7252269C29CAB8E100491C64 /* CustomTextField.swift */ = {isa = PBXFileReference; lastKnownFileType = sourcecode.swift; path = CustomTextField.swift; sourceTree = "<group>"; };
		7252269E29CAB91B00491C64 /* CustomNavigationBar.swift */ = {isa = PBXFileReference; lastKnownFileType = sourcecode.swift; path = CustomNavigationBar.swift; sourceTree = "<group>"; };
		725226A029CAB94600491C64 /* CustomInputView.swift */ = {isa = PBXFileReference; lastKnownFileType = sourcecode.swift; path = CustomInputView.swift; sourceTree = "<group>"; };
		725226A229CAB97C00491C64 /* CustomPlaceholderTextView.swift */ = {isa = PBXFileReference; lastKnownFileType = sourcecode.swift; path = CustomPlaceholderTextView.swift; sourceTree = "<group>"; };
		725226A429CABE0300491C64 /* MyPageViewModel.swift */ = {isa = PBXFileReference; lastKnownFileType = sourcecode.swift; path = MyPageViewModel.swift; sourceTree = "<group>"; };
		725226A629CAC18B00491C64 /* AuthenticationViewModel.swift */ = {isa = PBXFileReference; lastKnownFileType = sourcecode.swift; path = AuthenticationViewModel.swift; sourceTree = "<group>"; };
		725226AA29CAEC7E00491C64 /* ItemDetailViewModel.swift */ = {isa = PBXFileReference; lastKnownFileType = sourcecode.swift; path = ItemDetailViewModel.swift; sourceTree = "<group>"; };
		725226AC29CAEDA500491C64 /* KarrotResponse.swift */ = {isa = PBXFileReference; lastKnownFileType = sourcecode.swift; path = KarrotResponse.swift; sourceTree = "<group>"; };
		725226AE29CAF4F000491C64 /* ContentTableViewCell.swift */ = {isa = PBXFileReference; lastKnownFileType = sourcecode.swift; path = ContentTableViewCell.swift; sourceTree = "<group>"; };
		725226B029CAF5C200491C64 /* LocationSelectTableViewCell.swift */ = {isa = PBXFileReference; lastKnownFileType = sourcecode.swift; path = LocationSelectTableViewCell.swift; sourceTree = "<group>"; };
		725226B229CAF7CB00491C64 /* MapViewController.swift */ = {isa = PBXFileReference; lastKnownFileType = sourcecode.swift; path = MapViewController.swift; sourceTree = "<group>"; };
		725226B429CAF85000491C64 /* BottomSheetViewController.swift */ = {isa = PBXFileReference; lastKnownFileType = sourcecode.swift; path = BottomSheetViewController.swift; sourceTree = "<group>"; };
		72C456B429D660B700E359CD /* LocationInfo.swift */ = {isa = PBXFileReference; lastKnownFileType = sourcecode.swift; path = LocationInfo.swift; sourceTree = "<group>"; };
		72C456B729D6D0E200E359CD /* NewPostViewModel.swift */ = {isa = PBXFileReference; lastKnownFileType = sourcecode.swift; path = NewPostViewModel.swift; sourceTree = "<group>"; };
		72C7143D29DAC1F600A93575 /* LocationSettingViewController.swift */ = {isa = PBXFileReference; lastKnownFileType = sourcecode.swift; path = LocationSettingViewController.swift; sourceTree = "<group>"; };
		72ED25C82898D87800031AD1 /* CustomAF.swift */ = {isa = PBXFileReference; lastKnownFileType = sourcecode.swift; path = CustomAF.swift; sourceTree = "<group>"; };
		72ED25CA2898D95F00031AD1 /* ExtensionMethod.swift */ = {isa = PBXFileReference; lastKnownFileType = sourcecode.swift; path = ExtensionMethod.swift; sourceTree = "<group>"; };
		72F7CFB028F91DB200E0D0C0 /* ChatTableViewCell.swift */ = {isa = PBXFileReference; lastKnownFileType = sourcecode.swift; path = ChatTableViewCell.swift; sourceTree = "<group>"; };
		72F7CFB228F9222C00E0D0C0 /* ConversationViewController.swift */ = {isa = PBXFileReference; lastKnownFileType = sourcecode.swift; path = ConversationViewController.swift; sourceTree = "<group>"; };
		72F7CFB428F922AD00E0D0C0 /* ConversationViewCell.swift */ = {isa = PBXFileReference; lastKnownFileType = sourcecode.swift; path = ConversationViewCell.swift; sourceTree = "<group>"; };
		72F7CFB628F92CB400E0D0C0 /* Chat.swift */ = {isa = PBXFileReference; lastKnownFileType = sourcecode.swift; path = Chat.swift; sourceTree = "<group>"; };
		72F7D02828F9BB9B00E0D0C0 /* ConversationView.swift */ = {isa = PBXFileReference; lastKnownFileType = sourcecode.swift; path = ConversationView.swift; sourceTree = "<group>"; };
		72F7D02A28FA88C900E0D0C0 /* IncomingMessageCell.xib */ = {isa = PBXFileReference; lastKnownFileType = file.xib; path = IncomingMessageCell.xib; sourceTree = "<group>"; };
		72F7D02C28FA88DC00E0D0C0 /* OutgoingMessageCell.xib */ = {isa = PBXFileReference; lastKnownFileType = file.xib; path = OutgoingMessageCell.xib; sourceTree = "<group>"; };
		84FFF65EC2D21DA804E8D34F /* Pods_KarrotMarketCloneCoding.framework */ = {isa = PBXFileReference; explicitFileType = wrapper.framework; includeInIndex = 0; path = Pods_KarrotMarketCloneCoding.framework; sourceTree = BUILT_PRODUCTS_DIR; };
		D347FE83288BE8A100EF06B5 /* UserCheckView.swift */ = {isa = PBXFileReference; lastKnownFileType = sourcecode.swift; path = UserCheckView.swift; sourceTree = "<group>"; };
		D347FE85288BF1CA00EF06B5 /* NewPostTableView.swift */ = {isa = PBXFileReference; lastKnownFileType = sourcecode.swift; path = NewPostTableView.swift; sourceTree = "<group>"; };
		D347FE87288C2FC700EF06B5 /* NotificationViewController.swift */ = {isa = PBXFileReference; lastKnownFileType = sourcecode.swift; path = NotificationViewController.swift; sourceTree = "<group>"; };
		D347FE89288C31FA00EF06B5 /* NotificationTableView.swift */ = {isa = PBXFileReference; lastKnownFileType = sourcecode.swift; path = NotificationTableView.swift; sourceTree = "<group>"; };
		D347FE8B288C323800EF06B5 /* NotificationTableViewCell.swift */ = {isa = PBXFileReference; lastKnownFileType = sourcecode.swift; path = NotificationTableViewCell.swift; sourceTree = "<group>"; };
		D3A21584288D905400D06AD3 /* Notification.swift */ = {isa = PBXFileReference; fileEncoding = 4; lastKnownFileType = sourcecode.swift; path = Notification.swift; sourceTree = "<group>"; };
		D3A21585288D905400D06AD3 /* Enum.swift */ = {isa = PBXFileReference; fileEncoding = 4; lastKnownFileType = sourcecode.swift; path = Enum.swift; sourceTree = "<group>"; };
		D3A21588288D905400D06AD3 /* Color.swift */ = {isa = PBXFileReference; fileEncoding = 4; lastKnownFileType = sourcecode.swift; path = Color.swift; sourceTree = "<group>"; };
		D3A2158E288D90E800D06AD3 /* ChatTableViewController.swift */ = {isa = PBXFileReference; lastKnownFileType = sourcecode.swift; path = ChatTableViewController.swift; sourceTree = "<group>"; };
		D3D93CDE28EB21DD00B3CE7B /* SettingViewController.swift */ = {isa = PBXFileReference; lastKnownFileType = sourcecode.swift; path = SettingViewController.swift; sourceTree = "<group>"; };
		D3DF36282881AF5100F20065 /* ProfileEditingViewController.swift */ = {isa = PBXFileReference; lastKnownFileType = sourcecode.swift; path = ProfileEditingViewController.swift; sourceTree = "<group>"; };
		D3DF362A2881B35200F20065 /* ReusableSettingProfileView.swift */ = {isa = PBXFileReference; lastKnownFileType = sourcecode.swift; path = ReusableSettingProfileView.swift; sourceTree = "<group>"; };
		D3DF365D2884282C00F20065 /* NewPostTableViewController.swift */ = {isa = PBXFileReference; lastKnownFileType = sourcecode.swift; path = NewPostTableViewController.swift; sourceTree = "<group>"; };
		D3DF365F2884299500F20065 /* PhotosSelectingTableViewCell.swift */ = {isa = PBXFileReference; lastKnownFileType = sourcecode.swift; path = PhotosSelectingTableViewCell.swift; sourceTree = "<group>"; };
		D3DF366128842A7300F20065 /* TitleTableViewCell.swift */ = {isa = PBXFileReference; lastKnownFileType = sourcecode.swift; path = TitleTableViewCell.swift; sourceTree = "<group>"; };
		D3DF366728842F6B00F20065 /* PhotosSelectingTableViewCell.xib */ = {isa = PBXFileReference; lastKnownFileType = file.xib; path = PhotosSelectingTableViewCell.xib; sourceTree = "<group>"; };
		D3DF366A2884495D00F20065 /* BasicTableViewCell.swift */ = {isa = PBXFileReference; lastKnownFileType = sourcecode.swift; path = BasicTableViewCell.swift; sourceTree = "<group>"; };
		D3DF366E288457FD00F20065 /* PriceTableViewCell.swift */ = {isa = PBXFileReference; lastKnownFileType = sourcecode.swift; path = PriceTableViewCell.swift; sourceTree = "<group>"; };
		D3DF36762885B53C00F20065 /* PhotosCollectionViewCell.swift */ = {isa = PBXFileReference; lastKnownFileType = sourcecode.swift; path = PhotosCollectionViewCell.swift; sourceTree = "<group>"; };
		D3DF36772885B53C00F20065 /* PhotosCollectionViewCell.xib */ = {isa = PBXFileReference; lastKnownFileType = file.xib; path = PhotosCollectionViewCell.xib; sourceTree = "<group>"; };
		D3DF367A2887AF3C00F20065 /* PhotoPickerCollectionViewCell.swift */ = {isa = PBXFileReference; lastKnownFileType = sourcecode.swift; path = PhotoPickerCollectionViewCell.swift; sourceTree = "<group>"; };
		D3DF367B2887AF3C00F20065 /* PhotoPickerCollectionViewCell.xib */ = {isa = PBXFileReference; lastKnownFileType = file.xib; path = PhotoPickerCollectionViewCell.xib; sourceTree = "<group>"; };
		D3DF367F2889785000F20065 /* PhotosCollectionView.swift */ = {isa = PBXFileReference; lastKnownFileType = sourcecode.swift; path = PhotosCollectionView.swift; sourceTree = "<group>"; };
		D3DF3689288ACC0900F20065 /* CategoryTableViewController.swift */ = {isa = PBXFileReference; lastKnownFileType = sourcecode.swift; path = CategoryTableViewController.swift; sourceTree = "<group>"; };
		D3E122F5287BF66000A1EDC8 /* KarrotMarketCloneCoding.app */ = {isa = PBXFileReference; explicitFileType = wrapper.application; includeInIndex = 0; path = KarrotMarketCloneCoding.app; sourceTree = BUILT_PRODUCTS_DIR; };
		D3E122F8287BF66000A1EDC8 /* AppDelegate.swift */ = {isa = PBXFileReference; lastKnownFileType = sourcecode.swift; path = AppDelegate.swift; sourceTree = "<group>"; };
		D3E122FA287BF66000A1EDC8 /* SceneDelegate.swift */ = {isa = PBXFileReference; lastKnownFileType = sourcecode.swift; path = SceneDelegate.swift; sourceTree = "<group>"; };
		D3E12301287BF66100A1EDC8 /* Assets.xcassets */ = {isa = PBXFileReference; lastKnownFileType = folder.assetcatalog; path = Assets.xcassets; sourceTree = "<group>"; };
		D3E12304287BF66100A1EDC8 /* Base */ = {isa = PBXFileReference; lastKnownFileType = file.storyboard; name = Base; path = Base.lproj/LaunchScreen.storyboard; sourceTree = "<group>"; };
		D3E12306287BF66100A1EDC8 /* Info.plist */ = {isa = PBXFileReference; lastKnownFileType = text.plist.xml; path = Info.plist; sourceTree = "<group>"; };
		D3E12312287D9AF800A1EDC8 /* UserCheckViewController.swift */ = {isa = PBXFileReference; lastKnownFileType = sourcecode.swift; path = UserCheckViewController.swift; sourceTree = "<group>"; };
		D3E12318287FF55E00A1EDC8 /* SignUpViewController.swift */ = {isa = PBXFileReference; lastKnownFileType = sourcecode.swift; path = SignUpViewController.swift; sourceTree = "<group>"; };
		D3E1231C28800E5700A1EDC8 /* ReusableSignView.swift */ = {isa = PBXFileReference; lastKnownFileType = sourcecode.swift; path = ReusableSignView.swift; sourceTree = "<group>"; };
		D3E1231E28800FEE00A1EDC8 /* SignInViewController.swift */ = {isa = PBXFileReference; lastKnownFileType = sourcecode.swift; path = SignInViewController.swift; sourceTree = "<group>"; };
		D3F0E7C128E03507006AEB3D /* ProfileSettingViewController.swift */ = {isa = PBXFileReference; lastKnownFileType = sourcecode.swift; path = ProfileSettingViewController.swift; sourceTree = "<group>"; };
		D3F0E7C328E0ABF4006AEB3D /* KeyChain.swift */ = {isa = PBXFileReference; lastKnownFileType = sourcecode.swift; path = KeyChain.swift; sourceTree = "<group>"; };
		D3F0E7C528E28717006AEB3D /* SimpleAlertController.swift */ = {isa = PBXFileReference; lastKnownFileType = sourcecode.swift; path = SimpleAlertController.swift; sourceTree = "<group>"; };
		D3F0E7C728E28B89006AEB3D /* Constant.swift */ = {isa = PBXFileReference; lastKnownFileType = sourcecode.swift; path = Constant.swift; sourceTree = "<group>"; };
		D3FB4CE328919C3F003300B0 /* Formatters.swift */ = {isa = PBXFileReference; lastKnownFileType = sourcecode.swift; path = Formatters.swift; sourceTree = "<group>"; };
		E9C03AEF92EC0A43D0E03512 /* Pods-KarrotMarketCloneCoding.debug.xcconfig */ = {isa = PBXFileReference; includeInIndex = 1; lastKnownFileType = text.xcconfig; name = "Pods-KarrotMarketCloneCoding.debug.xcconfig"; path = "Target Support Files/Pods-KarrotMarketCloneCoding/Pods-KarrotMarketCloneCoding.debug.xcconfig"; sourceTree = "<group>"; };
/* End PBXFileReference section */

/* Begin PBXFrameworksBuildPhase section */
		D3E122F2287BF66000A1EDC8 /* Frameworks */ = {
			isa = PBXFrameworksBuildPhase;
			buildActionMask = 2147483647;
			files = (
				D3C23A5828EB28B5009B53B4 /* JWTDecode in Frameworks */,
				56BC395A9ADB51E880D921C7 /* Pods_KarrotMarketCloneCoding.framework in Frameworks */,
			);
			runOnlyForDeploymentPostprocessing = 0;
		};
/* End PBXFrameworksBuildPhase section */

/* Begin PBXGroup section */
		4ACAE6E7621865338BE67F04 /* Frameworks */ = {
			isa = PBXGroup;
			children = (
				84FFF65EC2D21DA804E8D34F /* Pods_KarrotMarketCloneCoding.framework */,
			);
			name = Frameworks;
			sourceTree = "<group>";
		};
		5BC1B9170393AB12FCFA3097 /* Pods */ = {
			isa = PBXGroup;
			children = (
				E9C03AEF92EC0A43D0E03512 /* Pods-KarrotMarketCloneCoding.debug.xcconfig */,
				5B703E666055678C1B3B0DB9 /* Pods-KarrotMarketCloneCoding.release.xcconfig */,
			);
			path = Pods;
			sourceTree = "<group>";
		};
		7252267629CAAD8900491C64 /* Resources */ = {
			isa = PBXGroup;
			children = (
				D3A21585288D905400D06AD3 /* Enum.swift */,
				723FE69D2889484700A987E7 /* Copyright.swift */,
				D3A21588288D905400D06AD3 /* Color.swift */,
				D3F0E7C728E28B89006AEB3D /* Constant.swift */,
				723FE60F287D649400A987E7 /* Constraints.swift */,
				D3E12301287BF66100A1EDC8 /* Assets.xcassets */,
			);
			path = Resources;
			sourceTree = "<group>";
		};
		7252267729CAAE4C00491C64 /* Network */ = {
			isa = PBXGroup;
			children = (
				72ED25C82898D87800031AD1 /* CustomAF.swift */,
			);
			path = Network;
			sourceTree = "<group>";
		};
		7252267829CAAED400491C64 /* Chat */ = {
			isa = PBXGroup;
			children = (
				7252268829CAB03100491C64 /* View */,
				7252268929CAB03400491C64 /* ViewModel */,
			);
			path = Chat;
			sourceTree = "<group>";
		};
		7252267929CAAEDA00491C64 /* Home */ = {
			isa = PBXGroup;
			children = (
				7252268B29CAB04000491C64 /* View */,
				7252268C29CAB04400491C64 /* ViewModel */,
			);
			path = Home;
			sourceTree = "<group>";
		};
		7252267C29CAAF0500491C64 /* Search */ = {
			isa = PBXGroup;
			children = (
				723FE6952889085400A987E7 /* SearchViewController.swift */,
				723FE69F2889523800A987E7 /* SearchBarBottomView.swift */,
			);
			path = Search;
			sourceTree = "<group>";
		};
		7252267D29CAAF1200491C64 /* Authentication */ = {
			isa = PBXGroup;
			children = (
				7252268E29CAB06A00491C64 /* View */,
				7252268F29CAB06D00491C64 /* ViewModel */,
			);
			path = Authentication;
			sourceTree = "<group>";
		};
		7252267E29CAAF1A00491C64 /* Notification */ = {
			isa = PBXGroup;
			children = (
				7252269329CAB0F000491C64 /* View */,
				7252269429CAB0F400491C64 /* ViewModel */,
			);
			path = Notification;
			sourceTree = "<group>";
		};
		7252267F29CAAF2100491C64 /* MyPage */ = {
			isa = PBXGroup;
			children = (
				7252268529CAB01200491C64 /* View */,
				7252268629CAB01700491C64 /* ViewModel */,
			);
			path = MyPage;
			sourceTree = "<group>";
		};
		7252268529CAB01200491C64 /* View */ = {
			isa = PBXGroup;
			children = (
				723FE62A2880F64C00A987E7 /* MyKarrotViewController.swift */,
				D3D93CDE28EB21DD00B3CE7B /* SettingViewController.swift */,
				723FE62628801F1600A987E7 /* MyKarrotHeaderView.swift */,
				D3DF36282881AF5100F20065 /* ProfileEditingViewController.swift */,
				723FE628288044AB00A987E7 /* MyKarrotTableViewHeaderFooterView.swift */,
				723FE61E287DACA100A987E7 /* MyKarrotTableViewCell.swift */,
				722CE3AE28EDD0D800D22AB4 /* UserItemTableViewController.swift */,
			);
			path = View;
			sourceTree = "<group>";
		};
		7252268629CAB01700491C64 /* ViewModel */ = {
			isa = PBXGroup;
			children = (
				725226A429CABE0300491C64 /* MyPageViewModel.swift */,
			);
			path = ViewModel;
			sourceTree = "<group>";
		};
		7252268829CAB03100491C64 /* View */ = {
			isa = PBXGroup;
			children = (
				72F7CFB028F91DB200E0D0C0 /* ChatTableViewCell.swift */,
				72F7CFB428F922AD00E0D0C0 /* ConversationViewCell.swift */,
				72F7D02828F9BB9B00E0D0C0 /* ConversationView.swift */,
				D3A2158E288D90E800D06AD3 /* ChatTableViewController.swift */,
				72F7CFB228F9222C00E0D0C0 /* ConversationViewController.swift */,
			);
			path = View;
			sourceTree = "<group>";
		};
		7252268929CAB03400491C64 /* ViewModel */ = {
			isa = PBXGroup;
			children = (
			);
			path = ViewModel;
			sourceTree = "<group>";
		};
		7252268B29CAB04000491C64 /* View */ = {
			isa = PBXGroup;
			children = (
				723FE6992889341000A987E7 /* HomeTableViewController.swift */,
				723FE6A1288AC87C00A987E7 /* HomeTableViewCell.swift */,
				D3DF36692884491F00F20065 /* NewPostViews */,
			);
			path = View;
			sourceTree = "<group>";
		};
		7252268C29CAB04400491C64 /* ViewModel */ = {
			isa = PBXGroup;
			children = (
				7248CA46288F5CED00DDF939 /* HomeTableViewModel.swift */,
			);
			path = ViewModel;
			sourceTree = "<group>";
		};
		7252268E29CAB06A00491C64 /* View */ = {
			isa = PBXGroup;
			children = (
				D347FE83288BE8A100EF06B5 /* UserCheckView.swift */,
				D3E1231C28800E5700A1EDC8 /* ReusableSignView.swift */,
				D3E12312287D9AF800A1EDC8 /* UserCheckViewController.swift */,
				D3E12318287FF55E00A1EDC8 /* SignUpViewController.swift */,
				D3E1231E28800FEE00A1EDC8 /* SignInViewController.swift */,
				D3F0E7C128E03507006AEB3D /* ProfileSettingViewController.swift */,
				72C7143D29DAC1F600A93575 /* LocationSettingViewController.swift */,
			);
			path = View;
			sourceTree = "<group>";
		};
		7252268F29CAB06D00491C64 /* ViewModel */ = {
			isa = PBXGroup;
			children = (
				725226A629CAC18B00491C64 /* AuthenticationViewModel.swift */,
			);
			path = ViewModel;
			sourceTree = "<group>";
		};
		7252269329CAB0F000491C64 /* View */ = {
			isa = PBXGroup;
			children = (
				D347FE87288C2FC700EF06B5 /* NotificationViewController.swift */,
				D347FE89288C31FA00EF06B5 /* NotificationTableView.swift */,
				D347FE8B288C323800EF06B5 /* NotificationTableViewCell.swift */,
			);
			path = View;
			sourceTree = "<group>";
		};
		7252269429CAB0F400491C64 /* ViewModel */ = {
			isa = PBXGroup;
			children = (
			);
			path = ViewModel;
			sourceTree = "<group>";
		};
		7252269529CAB1CB00491C64 /* ItemDetail */ = {
			isa = PBXGroup;
			children = (
				725226A829CAEC5D00491C64 /* View */,
				725226A929CAEC6700491C64 /* ViewModel */,
			);
			path = ItemDetail;
			sourceTree = "<group>";
		};
		7252269629CAB34C00491C64 /* Main */ = {
			isa = PBXGroup;
			children = (
				723FE6972889091D00A987E7 /* TabbarController.swift */,
				7252267929CAAEDA00491C64 /* Home */,
				7252267C29CAAF0500491C64 /* Search */,
				7252269529CAB1CB00491C64 /* ItemDetail */,
				7252267E29CAAF1A00491C64 /* Notification */,
				7252267829CAAED400491C64 /* Chat */,
				7252267F29CAAF2100491C64 /* MyPage */,
			);
			path = Main;
			sourceTree = "<group>";
		};
		7252269A29CAB7DA00491C64 /* Model */ = {
			isa = PBXGroup;
			children = (
				723FE607287D4EDA00A987E7 /* User.swift */,
				723FE609287D4EEF00A987E7 /* Item.swift */,
				72F7CFB628F92CB400E0D0C0 /* Chat.swift */,
				725226AC29CAEDA500491C64 /* KarrotResponse.swift */,
				72C456B429D660B700E359CD /* LocationInfo.swift */,
			);
			path = Model;
			sourceTree = "<group>";
		};
		7252269B29CAB8A700491C64 /* UIComponent */ = {
			isa = PBXGroup;
			children = (
				D3DF362A2881B35200F20065 /* ReusableSettingProfileView.swift */,
				723FE67A288531F300A987E7 /* ReusableProfileView.swift */,
				7252269C29CAB8E100491C64 /* CustomTextField.swift */,
				725226A029CAB94600491C64 /* CustomInputView.swift */,
				725226A229CAB97C00491C64 /* CustomPlaceholderTextView.swift */,
				7252269E29CAB91B00491C64 /* CustomNavigationBar.swift */,
			);
			path = UIComponent;
			sourceTree = "<group>";
		};
		725226A829CAEC5D00491C64 /* View */ = {
			isa = PBXGroup;
			children = (
				723FE67C2885385000A987E7 /* ItemDetailViewProfileCell.swift */,
				723FE682288539F200A987E7 /* ItemDetailViewDescriptionCell.swift */,
				723FE68728853E0800A987E7 /* ItemDetailViewController.swift */,
				723FE680288539A900A987E7 /* ItemDetailViewOtherItemsCell.swift */,
				723FE6932888488600A987E7 /* ItemDetailViewBottomStickyView.swift */,
				723FE691288806CA00A987E7 /* ItemDetailViewOtherItemsCollectionViewCell.swift */,
				723FE68F2887E4AE00A987E7 /* ItemDetailViewImagesCollectionViewCell.swift */,
			);
			path = View;
			sourceTree = "<group>";
		};
		725226A929CAEC6700491C64 /* ViewModel */ = {
			isa = PBXGroup;
			children = (
				725226AA29CAEC7E00491C64 /* ItemDetailViewModel.swift */,
			);
			path = ViewModel;
			sourceTree = "<group>";
		};
		72C456B629D6D0D300E359CD /* ViewModel */ = {
			isa = PBXGroup;
			children = (
				72C456B729D6D0E200E359CD /* NewPostViewModel.swift */,
			);
			path = ViewModel;
			sourceTree = "<group>";
		};
		72C456B929D6D10700E359CD /* View */ = {
			isa = PBXGroup;
			children = (
				D3DF365D2884282C00F20065 /* NewPostTableViewController.swift */,
				D347FE85288BF1CA00EF06B5 /* NewPostTableView.swift */,
				D3DF3689288ACC0900F20065 /* CategoryTableViewController.swift */,
				725226B229CAF7CB00491C64 /* MapViewController.swift */,
				725226B429CAF85000491C64 /* BottomSheetViewController.swift */,
				D3DF365F2884299500F20065 /* PhotosSelectingTableViewCell.swift */,
				D3DF367F2889785000F20065 /* PhotosCollectionView.swift */,
				D3DF367A2887AF3C00F20065 /* PhotoPickerCollectionViewCell.swift */,
				D3DF36762885B53C00F20065 /* PhotosCollectionViewCell.swift */,
				D3DF366128842A7300F20065 /* TitleTableViewCell.swift */,
				D3DF366E288457FD00F20065 /* PriceTableViewCell.swift */,
				725226AE29CAF4F000491C64 /* ContentTableViewCell.swift */,
				725226B029CAF5C200491C64 /* LocationSelectTableViewCell.swift */,
				D3DF366A2884495D00F20065 /* BasicTableViewCell.swift */,
				D3DF367E28894FB400F20065 /* Xibs */,
			);
			path = View;
			sourceTree = "<group>";
		};
		D3A21586288D905400D06AD3 /* Extensions */ = {
			isa = PBXGroup;
			children = (
				D3F0E7C528E28717006AEB3D /* SimpleAlertController.swift */,
				72ED25CA2898D95F00031AD1 /* ExtensionMethod.swift */,
				D3FB4CE328919C3F003300B0 /* Formatters.swift */,
				D3F0E7C328E0ABF4006AEB3D /* KeyChain.swift */,
				D3A21584288D905400D06AD3 /* Notification.swift */,
			);
			path = Extensions;
			sourceTree = "<group>";
		};
		D3DF36692884491F00F20065 /* NewPostViews */ = {
			isa = PBXGroup;
			children = (
				72C456B929D6D10700E359CD /* View */,
				72C456B629D6D0D300E359CD /* ViewModel */,
			);
			path = NewPostViews;
			sourceTree = "<group>";
		};
		D3DF367E28894FB400F20065 /* Xibs */ = {
			isa = PBXGroup;
			children = (
				D3DF366728842F6B00F20065 /* PhotosSelectingTableViewCell.xib */,
				D3DF367B2887AF3C00F20065 /* PhotoPickerCollectionViewCell.xib */,
				D3DF36772885B53C00F20065 /* PhotosCollectionViewCell.xib */,
				72F7D02A28FA88C900E0D0C0 /* IncomingMessageCell.xib */,
				72F7D02C28FA88DC00E0D0C0 /* OutgoingMessageCell.xib */,
			);
			path = Xibs;
			sourceTree = "<group>";
		};
		D3E122EC287BF66000A1EDC8 = {
			isa = PBXGroup;
			children = (
				D3E122F7287BF66000A1EDC8 /* KarrotMarketCloneCoding */,
				D3E122F6287BF66000A1EDC8 /* Products */,
				5BC1B9170393AB12FCFA3097 /* Pods */,
				4ACAE6E7621865338BE67F04 /* Frameworks */,
			);
			sourceTree = "<group>";
		};
		D3E122F6287BF66000A1EDC8 /* Products */ = {
			isa = PBXGroup;
			children = (
				D3E122F5287BF66000A1EDC8 /* KarrotMarketCloneCoding.app */,
			);
			name = Products;
			sourceTree = "<group>";
		};
		D3E122F7287BF66000A1EDC8 /* KarrotMarketCloneCoding */ = {
			isa = PBXGroup;
			children = (
				D3E122F8287BF66000A1EDC8 /* AppDelegate.swift */,
				D3E122FA287BF66000A1EDC8 /* SceneDelegate.swift */,
				7252269029CAB09800491C64 /* SceneController.swift */,
				7252269A29CAB7DA00491C64 /* Model */,
				7252269629CAB34C00491C64 /* Main */,
				7252267D29CAAF1200491C64 /* Authentication */,
				7252267729CAAE4C00491C64 /* Network */,
				D3A21586288D905400D06AD3 /* Extensions */,
				7252269B29CAB8A700491C64 /* UIComponent */,
				7252267629CAAD8900491C64 /* Resources */,
				D3E12303287BF66100A1EDC8 /* LaunchScreen.storyboard */,
				D3E12306287BF66100A1EDC8 /* Info.plist */,
			);
			path = KarrotMarketCloneCoding;
			sourceTree = "<group>";
		};
/* End PBXGroup section */

/* Begin PBXNativeTarget section */
		D3E122F4287BF66000A1EDC8 /* KarrotMarketCloneCoding */ = {
			isa = PBXNativeTarget;
			buildConfigurationList = D3E12309287BF66100A1EDC8 /* Build configuration list for PBXNativeTarget "KarrotMarketCloneCoding" */;
			buildPhases = (
				479CC63048284AFAD802C1DE /* [CP] Check Pods Manifest.lock */,
				D3E122F1287BF66000A1EDC8 /* Sources */,
				D3E122F2287BF66000A1EDC8 /* Frameworks */,
				D3E122F3287BF66000A1EDC8 /* Resources */,
				D672D276B0FEE9ABEC691572 /* [CP] Embed Pods Frameworks */,
			);
			buildRules = (
			);
			dependencies = (
			);
			name = KarrotMarketCloneCoding;
			packageProductDependencies = (
				D3C23A5728EB28B5009B53B4 /* JWTDecode */,
			);
			productName = KarrotMarketCloneCoding;
			productReference = D3E122F5287BF66000A1EDC8 /* KarrotMarketCloneCoding.app */;
			productType = "com.apple.product-type.application";
		};
/* End PBXNativeTarget section */

/* Begin PBXProject section */
		D3E122ED287BF66000A1EDC8 /* Project object */ = {
			isa = PBXProject;
			attributes = {
				BuildIndependentTargetsInParallel = 1;
				LastSwiftUpdateCheck = 1320;
				LastUpgradeCheck = 1320;
				TargetAttributes = {
					D3E122F4287BF66000A1EDC8 = {
						CreatedOnToolsVersion = 13.2.1;
					};
				};
			};
			buildConfigurationList = D3E122F0287BF66000A1EDC8 /* Build configuration list for PBXProject "KarrotMarketCloneCoding" */;
			compatibilityVersion = "Xcode 13.0";
			developmentRegion = en;
			hasScannedForEncodings = 0;
			knownRegions = (
				en,
				Base,
			);
			mainGroup = D3E122EC287BF66000A1EDC8;
			packageReferences = (
				D3C23A5628EB28B5009B53B4 /* XCRemoteSwiftPackageReference "JWTDecode" */,
			);
			productRefGroup = D3E122F6287BF66000A1EDC8 /* Products */;
			projectDirPath = "";
			projectRoot = "";
			targets = (
				D3E122F4287BF66000A1EDC8 /* KarrotMarketCloneCoding */,
			);
		};
/* End PBXProject section */

/* Begin PBXResourcesBuildPhase section */
		D3E122F3287BF66000A1EDC8 /* Resources */ = {
			isa = PBXResourcesBuildPhase;
			buildActionMask = 2147483647;
			files = (
				D3DF36792885B53C00F20065 /* PhotosCollectionViewCell.xib in Resources */,
				D3DF367D2887AF3C00F20065 /* PhotoPickerCollectionViewCell.xib in Resources */,
				72F7D02D28FA88DC00E0D0C0 /* OutgoingMessageCell.xib in Resources */,
				D3E12305287BF66100A1EDC8 /* LaunchScreen.storyboard in Resources */,
				D3E12302287BF66100A1EDC8 /* Assets.xcassets in Resources */,
				D3E12300287BF66000A1EDC8 /* (null) in Resources */,
				72F7D02B28FA88C900E0D0C0 /* IncomingMessageCell.xib in Resources */,
				D3DF366828842F6B00F20065 /* PhotosSelectingTableViewCell.xib in Resources */,
			);
			runOnlyForDeploymentPostprocessing = 0;
		};
/* End PBXResourcesBuildPhase section */

/* Begin PBXShellScriptBuildPhase section */
		479CC63048284AFAD802C1DE /* [CP] Check Pods Manifest.lock */ = {
			isa = PBXShellScriptBuildPhase;
			buildActionMask = 2147483647;
			files = (
			);
			inputFileListPaths = (
			);
			inputPaths = (
				"${PODS_PODFILE_DIR_PATH}/Podfile.lock",
				"${PODS_ROOT}/Manifest.lock",
			);
			name = "[CP] Check Pods Manifest.lock";
			outputFileListPaths = (
			);
			outputPaths = (
				"$(DERIVED_FILE_DIR)/Pods-KarrotMarketCloneCoding-checkManifestLockResult.txt",
			);
			runOnlyForDeploymentPostprocessing = 0;
			shellPath = /bin/sh;
			shellScript = "diff \"${PODS_PODFILE_DIR_PATH}/Podfile.lock\" \"${PODS_ROOT}/Manifest.lock\" > /dev/null\nif [ $? != 0 ] ; then\n    # print error to STDERR\n    echo \"error: The sandbox is not in sync with the Podfile.lock. Run 'pod install' or update your CocoaPods installation.\" >&2\n    exit 1\nfi\n# This output is used by Xcode 'outputs' to avoid re-running this script phase.\necho \"SUCCESS\" > \"${SCRIPT_OUTPUT_FILE_0}\"\n";
			showEnvVarsInLog = 0;
		};
		D672D276B0FEE9ABEC691572 /* [CP] Embed Pods Frameworks */ = {
			isa = PBXShellScriptBuildPhase;
			buildActionMask = 2147483647;
			files = (
			);
			inputFileListPaths = (
				"${PODS_ROOT}/Target Support Files/Pods-KarrotMarketCloneCoding/Pods-KarrotMarketCloneCoding-frameworks-${CONFIGURATION}-input-files.xcfilelist",
			);
			name = "[CP] Embed Pods Frameworks";
			outputFileListPaths = (
				"${PODS_ROOT}/Target Support Files/Pods-KarrotMarketCloneCoding/Pods-KarrotMarketCloneCoding-frameworks-${CONFIGURATION}-output-files.xcfilelist",
			);
			runOnlyForDeploymentPostprocessing = 0;
			shellPath = /bin/sh;
			shellScript = "\"${PODS_ROOT}/Target Support Files/Pods-KarrotMarketCloneCoding/Pods-KarrotMarketCloneCoding-frameworks.sh\"\n";
			showEnvVarsInLog = 0;
		};
/* End PBXShellScriptBuildPhase section */

/* Begin PBXSourcesBuildPhase section */
		D3E122F1287BF66000A1EDC8 /* Sources */ = {
			isa = PBXSourcesBuildPhase;
			buildActionMask = 2147483647;
			files = (
				D347FE86288BF1CA00EF06B5 /* NewPostTableView.swift in Sources */,
				725226B529CAF85000491C64 /* BottomSheetViewController.swift in Sources */,
				D347FE84288BE8A100EF06B5 /* UserCheckView.swift in Sources */,
				D3DF367C2887AF3C00F20065 /* PhotoPickerCollectionViewCell.swift in Sources */,
				D3DF362B2881B35200F20065 /* ReusableSettingProfileView.swift in Sources */,
				D3E1231F28800FEE00A1EDC8 /* SignInViewController.swift in Sources */,
				725226A529CABE0300491C64 /* MyPageViewModel.swift in Sources */,
				D347FE8C288C323800EF06B5 /* NotificationTableViewCell.swift in Sources */,
				725226B329CAF7CB00491C64 /* MapViewController.swift in Sources */,
				723FE608287D4EDA00A987E7 /* User.swift in Sources */,
				7252269D29CAB8E100491C64 /* CustomTextField.swift in Sources */,
				D347FE8A288C31FA00EF06B5 /* NotificationTableView.swift in Sources */,
				723FE60A287D4EEF00A987E7 /* Item.swift in Sources */,
				D347FE88288C2FC700EF06B5 /* NotificationViewController.swift in Sources */,
				D3A2158D288D905400D06AD3 /* Color.swift in Sources */,
				72ED25C92898D87800031AD1 /* CustomAF.swift in Sources */,
				72F7CFB528F922AD00E0D0C0 /* ConversationViewCell.swift in Sources */,
				72C7143E29DAC1F600A93575 /* LocationSettingViewController.swift in Sources */,
				723FE610287D649400A987E7 /* Constraints.swift in Sources */,
				D3DF3670288457FD00F20065 /* PriceTableViewCell.swift in Sources */,
				D3F0E7C428E0ABF4006AEB3D /* KeyChain.swift in Sources */,
				D3E122F9287BF66000A1EDC8 /* AppDelegate.swift in Sources */,
				7252269129CAB09800491C64 /* SceneController.swift in Sources */,
				D3DF36292881AF5100F20065 /* ProfileEditingViewController.swift in Sources */,
				D3DF366C2884495D00F20065 /* BasicTableViewCell.swift in Sources */,
				72C456B829D6D0E200E359CD /* NewPostViewModel.swift in Sources */,
				D3DF36602884299500F20065 /* PhotosSelectingTableViewCell.swift in Sources */,
				D3E1231D28800E5700A1EDC8 /* ReusableSignView.swift in Sources */,
				D3E12319287FF55E00A1EDC8 /* SignUpViewController.swift in Sources */,
				725226B129CAF5C200491C64 /* LocationSelectTableViewCell.swift in Sources */,
				D3DF366328842A7300F20065 /* TitleTableViewCell.swift in Sources */,
				D3A2158A288D905400D06AD3 /* Notification.swift in Sources */,
				D3DF368A288ACC0900F20065 /* CategoryTableViewController.swift in Sources */,
				D3E12313287D9AF800A1EDC8 /* UserCheckViewController.swift in Sources */,
				D3F0E7C628E28717006AEB3D /* SimpleAlertController.swift in Sources */,
				7252269F29CAB91B00491C64 /* CustomNavigationBar.swift in Sources */,
				722CE3AF28EDD0D800D22AB4 /* UserItemTableViewController.swift in Sources */,
				725226A329CAB97C00491C64 /* CustomPlaceholderTextView.swift in Sources */,
				D3FB4CE428919C3F003300B0 /* Formatters.swift in Sources */,
				D3E122FB287BF66000A1EDC8 /* SceneDelegate.swift in Sources */,
				D3DF36782885B53C00F20065 /* PhotosCollectionViewCell.swift in Sources */,
				D3DF36802889785000F20065 /* PhotosCollectionView.swift in Sources */,
				D3DF365E2884282C00F20065 /* NewPostTableViewController.swift in Sources */,
				723FE683288539F200A987E7 /* ItemDetailViewDescriptionCell.swift in Sources */,
				723FE6982889091D00A987E7 /* TabbarController.swift in Sources */,
				723FE68828853E0800A987E7 /* ItemDetailViewController.swift in Sources */,
				725226AD29CAEDA500491C64 /* KarrotResponse.swift in Sources */,
				D3D93CDF28EB21DD00B3CE7B /* SettingViewController.swift in Sources */,
				723FE6902887E4AE00A987E7 /* ItemDetailViewImagesCollectionViewCell.swift in Sources */,
				72F7CFB128F91DB200E0D0C0 /* ChatTableViewCell.swift in Sources */,
				72C456B529D660B700E359CD /* LocationInfo.swift in Sources */,
				723FE6942888488600A987E7 /* ItemDetailViewBottomStickyView.swift in Sources */,
				72F7CFB328F9222C00E0D0C0 /* ConversationViewController.swift in Sources */,
				723FE61F287DACA100A987E7 /* MyKarrotTableViewCell.swift in Sources */,
				723FE67B288531F300A987E7 /* ReusableProfileView.swift in Sources */,
				725226A129CAB94600491C64 /* CustomInputView.swift in Sources */,
				725226AB29CAEC7E00491C64 /* ItemDetailViewModel.swift in Sources */,
				723FE62728801F1600A987E7 /* MyKarrotHeaderView.swift in Sources */,
				723FE629288044AB00A987E7 /* MyKarrotTableViewHeaderFooterView.swift in Sources */,
				D3F0E7C828E28B89006AEB3D /* Constant.swift in Sources */,
				723FE6962889085400A987E7 /* SearchViewController.swift in Sources */,
				7248CA47288F5CED00DDF939 /* HomeTableViewModel.swift in Sources */,
				723FE62B2880F64C00A987E7 /* MyKarrotViewController.swift in Sources */,
				72ED25CB2898D95F00031AD1 /* ExtensionMethod.swift in Sources */,
				723FE69A2889341000A987E7 /* HomeTableViewController.swift in Sources */,
				723FE69E2889484700A987E7 /* Copyright.swift in Sources */,
				725226A729CAC18B00491C64 /* AuthenticationViewModel.swift in Sources */,
				723FE67D2885385000A987E7 /* ItemDetailViewProfileCell.swift in Sources */,
				D3A2158B288D905400D06AD3 /* Enum.swift in Sources */,
				723FE681288539A900A987E7 /* ItemDetailViewOtherItemsCell.swift in Sources */,
				D3E122F9287BF66000A1EDC8 /* AppDelegate.swift in Sources */,
				D3F0E7C228E03507006AEB3D /* ProfileSettingViewController.swift in Sources */,
				72F7CFB728F92CB400E0D0C0 /* Chat.swift in Sources */,
				723FE692288806CB00A987E7 /* ItemDetailViewOtherItemsCollectionViewCell.swift in Sources */,
				723FE6A02889523800A987E7 /* SearchBarBottomView.swift in Sources */,
				D3A2158F288D90E800D06AD3 /* ChatTableViewController.swift in Sources */,
				723FE6A2288AC87C00A987E7 /* HomeTableViewCell.swift in Sources */,
				72F7D02928F9BB9B00E0D0C0 /* ConversationView.swift in Sources */,
				725226AF29CAF4F000491C64 /* ContentTableViewCell.swift in Sources */,
			);
			runOnlyForDeploymentPostprocessing = 0;
		};
/* End PBXSourcesBuildPhase section */

/* Begin PBXVariantGroup section */
		D3E12303287BF66100A1EDC8 /* LaunchScreen.storyboard */ = {
			isa = PBXVariantGroup;
			children = (
				D3E12304287BF66100A1EDC8 /* Base */,
			);
			name = LaunchScreen.storyboard;
			sourceTree = "<group>";
		};
/* End PBXVariantGroup section */

/* Begin XCBuildConfiguration section */
		D3E12307287BF66100A1EDC8 /* Debug */ = {
			isa = XCBuildConfiguration;
			buildSettings = {
				ALWAYS_SEARCH_USER_PATHS = NO;
				CLANG_ANALYZER_NONNULL = YES;
				CLANG_ANALYZER_NUMBER_OBJECT_CONVERSION = YES_AGGRESSIVE;
				CLANG_CXX_LANGUAGE_STANDARD = "gnu++17";
				CLANG_CXX_LIBRARY = "libc++";
				CLANG_ENABLE_MODULES = YES;
				CLANG_ENABLE_OBJC_ARC = YES;
				CLANG_ENABLE_OBJC_WEAK = YES;
				CLANG_WARN_BLOCK_CAPTURE_AUTORELEASING = YES;
				CLANG_WARN_BOOL_CONVERSION = YES;
				CLANG_WARN_COMMA = YES;
				CLANG_WARN_CONSTANT_CONVERSION = YES;
				CLANG_WARN_DEPRECATED_OBJC_IMPLEMENTATIONS = YES;
				CLANG_WARN_DIRECT_OBJC_ISA_USAGE = YES_ERROR;
				CLANG_WARN_DOCUMENTATION_COMMENTS = YES;
				CLANG_WARN_EMPTY_BODY = YES;
				CLANG_WARN_ENUM_CONVERSION = YES;
				CLANG_WARN_INFINITE_RECURSION = YES;
				CLANG_WARN_INT_CONVERSION = YES;
				CLANG_WARN_NON_LITERAL_NULL_CONVERSION = YES;
				CLANG_WARN_OBJC_IMPLICIT_RETAIN_SELF = YES;
				CLANG_WARN_OBJC_LITERAL_CONVERSION = YES;
				CLANG_WARN_OBJC_ROOT_CLASS = YES_ERROR;
				CLANG_WARN_QUOTED_INCLUDE_IN_FRAMEWORK_HEADER = YES;
				CLANG_WARN_RANGE_LOOP_ANALYSIS = YES;
				CLANG_WARN_STRICT_PROTOTYPES = YES;
				CLANG_WARN_SUSPICIOUS_MOVE = YES;
				CLANG_WARN_UNGUARDED_AVAILABILITY = YES_AGGRESSIVE;
				CLANG_WARN_UNREACHABLE_CODE = YES;
				CLANG_WARN__DUPLICATE_METHOD_MATCH = YES;
				COPY_PHASE_STRIP = NO;
				DEBUG_INFORMATION_FORMAT = dwarf;
				ENABLE_STRICT_OBJC_MSGSEND = YES;
				ENABLE_TESTABILITY = YES;
				GCC_C_LANGUAGE_STANDARD = gnu11;
				GCC_DYNAMIC_NO_PIC = NO;
				GCC_NO_COMMON_BLOCKS = YES;
				GCC_OPTIMIZATION_LEVEL = 0;
				GCC_PREPROCESSOR_DEFINITIONS = (
					"DEBUG=1",
					"$(inherited)",
				);
				GCC_WARN_64_TO_32_BIT_CONVERSION = YES;
				GCC_WARN_ABOUT_RETURN_TYPE = YES_ERROR;
				GCC_WARN_UNDECLARED_SELECTOR = YES;
				GCC_WARN_UNINITIALIZED_AUTOS = YES_AGGRESSIVE;
				GCC_WARN_UNUSED_FUNCTION = YES;
				GCC_WARN_UNUSED_VARIABLE = YES;
				IPHONEOS_DEPLOYMENT_TARGET = 15.2;
				MTL_ENABLE_DEBUG_INFO = INCLUDE_SOURCE;
				MTL_FAST_MATH = YES;
				ONLY_ACTIVE_ARCH = YES;
				SDKROOT = iphoneos;
				SWIFT_ACTIVE_COMPILATION_CONDITIONS = DEBUG;
				SWIFT_OPTIMIZATION_LEVEL = "-Onone";
			};
			name = Debug;
		};
		D3E12308287BF66100A1EDC8 /* Release */ = {
			isa = XCBuildConfiguration;
			buildSettings = {
				ALWAYS_SEARCH_USER_PATHS = NO;
				CLANG_ANALYZER_NONNULL = YES;
				CLANG_ANALYZER_NUMBER_OBJECT_CONVERSION = YES_AGGRESSIVE;
				CLANG_CXX_LANGUAGE_STANDARD = "gnu++17";
				CLANG_CXX_LIBRARY = "libc++";
				CLANG_ENABLE_MODULES = YES;
				CLANG_ENABLE_OBJC_ARC = YES;
				CLANG_ENABLE_OBJC_WEAK = YES;
				CLANG_WARN_BLOCK_CAPTURE_AUTORELEASING = YES;
				CLANG_WARN_BOOL_CONVERSION = YES;
				CLANG_WARN_COMMA = YES;
				CLANG_WARN_CONSTANT_CONVERSION = YES;
				CLANG_WARN_DEPRECATED_OBJC_IMPLEMENTATIONS = YES;
				CLANG_WARN_DIRECT_OBJC_ISA_USAGE = YES_ERROR;
				CLANG_WARN_DOCUMENTATION_COMMENTS = YES;
				CLANG_WARN_EMPTY_BODY = YES;
				CLANG_WARN_ENUM_CONVERSION = YES;
				CLANG_WARN_INFINITE_RECURSION = YES;
				CLANG_WARN_INT_CONVERSION = YES;
				CLANG_WARN_NON_LITERAL_NULL_CONVERSION = YES;
				CLANG_WARN_OBJC_IMPLICIT_RETAIN_SELF = YES;
				CLANG_WARN_OBJC_LITERAL_CONVERSION = YES;
				CLANG_WARN_OBJC_ROOT_CLASS = YES_ERROR;
				CLANG_WARN_QUOTED_INCLUDE_IN_FRAMEWORK_HEADER = YES;
				CLANG_WARN_RANGE_LOOP_ANALYSIS = YES;
				CLANG_WARN_STRICT_PROTOTYPES = YES;
				CLANG_WARN_SUSPICIOUS_MOVE = YES;
				CLANG_WARN_UNGUARDED_AVAILABILITY = YES_AGGRESSIVE;
				CLANG_WARN_UNREACHABLE_CODE = YES;
				CLANG_WARN__DUPLICATE_METHOD_MATCH = YES;
				COPY_PHASE_STRIP = NO;
				DEBUG_INFORMATION_FORMAT = "dwarf-with-dsym";
				ENABLE_NS_ASSERTIONS = NO;
				ENABLE_STRICT_OBJC_MSGSEND = YES;
				GCC_C_LANGUAGE_STANDARD = gnu11;
				GCC_NO_COMMON_BLOCKS = YES;
				GCC_WARN_64_TO_32_BIT_CONVERSION = YES;
				GCC_WARN_ABOUT_RETURN_TYPE = YES_ERROR;
				GCC_WARN_UNDECLARED_SELECTOR = YES;
				GCC_WARN_UNINITIALIZED_AUTOS = YES_AGGRESSIVE;
				GCC_WARN_UNUSED_FUNCTION = YES;
				GCC_WARN_UNUSED_VARIABLE = YES;
				IPHONEOS_DEPLOYMENT_TARGET = 15.2;
				MTL_ENABLE_DEBUG_INFO = NO;
				MTL_FAST_MATH = YES;
				SDKROOT = iphoneos;
				SWIFT_COMPILATION_MODE = wholemodule;
				SWIFT_OPTIMIZATION_LEVEL = "-O";
				VALIDATE_PRODUCT = YES;
			};
			name = Release;
		};
		D3E1230A287BF66100A1EDC8 /* Debug */ = {
			isa = XCBuildConfiguration;
			baseConfigurationReference = E9C03AEF92EC0A43D0E03512 /* Pods-KarrotMarketCloneCoding.debug.xcconfig */;
			buildSettings = {
				ASSETCATALOG_COMPILER_APPICON_NAME = AppIcon;
				ASSETCATALOG_COMPILER_GLOBAL_ACCENT_COLOR_NAME = AccentColor;
				CODE_SIGN_STYLE = Automatic;
				CURRENT_PROJECT_VERSION = 1;
				DEVELOPMENT_TEAM = G8228CR939;
				GENERATE_INFOPLIST_FILE = YES;
				INFOPLIST_FILE = KarrotMarketCloneCoding/Info.plist;
				INFOPLIST_KEY_NSLocationWhenInUseUsageDescription = "위치 정보 제공을 허용합니까?";
				INFOPLIST_KEY_NSPhotoLibraryUsageDescription = "당근마켓에서 앨범에의 접근권한을 요청합니다.";
				INFOPLIST_KEY_UIApplicationSupportsIndirectInputEvents = YES;
				INFOPLIST_KEY_UILaunchStoryboardName = LaunchScreen;
				INFOPLIST_KEY_UISupportedInterfaceOrientations_iPad = "UIInterfaceOrientationPortrait UIInterfaceOrientationPortraitUpsideDown UIInterfaceOrientationLandscapeLeft UIInterfaceOrientationLandscapeRight";
				INFOPLIST_KEY_UISupportedInterfaceOrientations_iPhone = "UIInterfaceOrientationPortrait UIInterfaceOrientationLandscapeLeft UIInterfaceOrientationLandscapeRight";
				LD_RUNPATH_SEARCH_PATHS = (
					"$(inherited)",
					"@executable_path/Frameworks",
				);
				MARKETING_VERSION = 1.0;
				PRODUCT_BUNDLE_IDENTIFIER = com.KarrotMarketEHDOMB;
				PRODUCT_NAME = "$(TARGET_NAME)";
				SWIFT_EMIT_LOC_STRINGS = YES;
				SWIFT_VERSION = 5.0;
				TARGETED_DEVICE_FAMILY = "1,2";
			};
			name = Debug;
		};
		D3E1230B287BF66100A1EDC8 /* Release */ = {
			isa = XCBuildConfiguration;
			baseConfigurationReference = 5B703E666055678C1B3B0DB9 /* Pods-KarrotMarketCloneCoding.release.xcconfig */;
			buildSettings = {
				ASSETCATALOG_COMPILER_APPICON_NAME = AppIcon;
				ASSETCATALOG_COMPILER_GLOBAL_ACCENT_COLOR_NAME = AccentColor;
				CODE_SIGN_STYLE = Automatic;
				CURRENT_PROJECT_VERSION = 1;
				DEVELOPMENT_TEAM = G8228CR939;
				GENERATE_INFOPLIST_FILE = YES;
				INFOPLIST_FILE = KarrotMarketCloneCoding/Info.plist;
				INFOPLIST_KEY_NSLocationWhenInUseUsageDescription = "위치 정보 제공을 허용합니까?";
				INFOPLIST_KEY_NSPhotoLibraryUsageDescription = "당근마켓에서 앨범에의 접근권한을 요청합니다.";
				INFOPLIST_KEY_UIApplicationSupportsIndirectInputEvents = YES;
				INFOPLIST_KEY_UILaunchStoryboardName = LaunchScreen;
				INFOPLIST_KEY_UISupportedInterfaceOrientations_iPad = "UIInterfaceOrientationPortrait UIInterfaceOrientationPortraitUpsideDown UIInterfaceOrientationLandscapeLeft UIInterfaceOrientationLandscapeRight";
				INFOPLIST_KEY_UISupportedInterfaceOrientations_iPhone = "UIInterfaceOrientationPortrait UIInterfaceOrientationLandscapeLeft UIInterfaceOrientationLandscapeRight";
				LD_RUNPATH_SEARCH_PATHS = (
					"$(inherited)",
					"@executable_path/Frameworks",
				);
				MARKETING_VERSION = 1.0;
				PRODUCT_BUNDLE_IDENTIFIER = com.KarrotMarketEHDOMB;
				PRODUCT_NAME = "$(TARGET_NAME)";
				SWIFT_EMIT_LOC_STRINGS = YES;
				SWIFT_VERSION = 5.0;
				TARGETED_DEVICE_FAMILY = "1,2";
			};
			name = Release;
		};
/* End XCBuildConfiguration section */

/* Begin XCConfigurationList section */
		D3E122F0287BF66000A1EDC8 /* Build configuration list for PBXProject "KarrotMarketCloneCoding" */ = {
			isa = XCConfigurationList;
			buildConfigurations = (
				D3E12307287BF66100A1EDC8 /* Debug */,
				D3E12308287BF66100A1EDC8 /* Release */,
			);
			defaultConfigurationIsVisible = 0;
			defaultConfigurationName = Release;
		};
		D3E12309287BF66100A1EDC8 /* Build configuration list for PBXNativeTarget "KarrotMarketCloneCoding" */ = {
			isa = XCConfigurationList;
			buildConfigurations = (
				D3E1230A287BF66100A1EDC8 /* Debug */,
				D3E1230B287BF66100A1EDC8 /* Release */,
			);
			defaultConfigurationIsVisible = 0;
			defaultConfigurationName = Release;
		};
/* End XCConfigurationList section */

/* Begin XCRemoteSwiftPackageReference section */
		D3C23A5628EB28B5009B53B4 /* XCRemoteSwiftPackageReference "JWTDecode" */ = {
			isa = XCRemoteSwiftPackageReference;
			repositoryURL = "https://github.com/auth0/JWTDecode.swift";
			requirement = {
				kind = upToNextMajorVersion;
				minimumVersion = 3.0.0;
			};
		};
/* End XCRemoteSwiftPackageReference section */

/* Begin XCSwiftPackageProductDependency section */
		D3C23A5728EB28B5009B53B4 /* JWTDecode */ = {
			isa = XCSwiftPackageProductDependency;
			package = D3C23A5628EB28B5009B53B4 /* XCRemoteSwiftPackageReference "JWTDecode" */;
			productName = JWTDecode;
		};
/* End XCSwiftPackageProductDependency section */
	};
	rootObject = D3E122ED287BF66000A1EDC8 /* Project object */;
}
